// !$*UTF8*$!
{
	archiveVersion = 1;
	classes = {
	};
	objectVersion = 46;
	objects = {

/* Begin PBXBuildFile section */
		55E620191A194C80000A5F7B /* SwiftGraphTests.swift in Sources */ = {isa = PBXBuildFile; fileRef = 55E620181A194C80000A5F7B /* SwiftGraphTests.swift */; };
		55FEDBC91A1D40BC00F266A0 /* SwiftGraphSearchTests.swift in Sources */ = {isa = PBXBuildFile; fileRef = 55FEDBC81A1D40BC00F266A0 /* SwiftGraphSearchTests.swift */; };
		55FEDBCB1A1D799100F266A0 /* DjikstraGraphTests.swift in Sources */ = {isa = PBXBuildFile; fileRef = 55FEDBCA1A1D799100F266A0 /* DjikstraGraphTests.swift */; };
		D45EC1191CE1A55100F079A8 /* Pods_SwiftGraphExample.framework in Frameworks */ = {isa = PBXBuildFile; fileRef = 013B888548F9604E8D0ADFDD /* Pods_SwiftGraphExample.framework */; };
		D4D987241CE19DAE00F9B1CD /* MainMenu.xib in Resources */ = {isa = PBXBuildFile; fileRef = D4D987221CE19DAE00F9B1CD /* MainMenu.xib */; };
		D4D987261CE19E0300F9B1CD /* Images.xcassets in Resources */ = {isa = PBXBuildFile; fileRef = D4D987251CE19E0300F9B1CD /* Images.xcassets */; };
		D4D987321CE1A23100F9B1CD /* AppDelegate.swift in Sources */ = {isa = PBXBuildFile; fileRef = D4D987311CE1A23100F9B1CD /* AppDelegate.swift */; };
/* End PBXBuildFile section */

/* Begin PBXContainerItemProxy section */
		55E620131A194C80000A5F7B /* PBXContainerItemProxy */ = {
			isa = PBXContainerItemProxy;
			containerPortal = 55E61FFA1A194C7F000A5F7B /* Project object */;
			proxyType = 1;
			remoteGlobalIDString = 55E620011A194C80000A5F7B;
			remoteInfo = SwiftGraph;
		};
/* End PBXContainerItemProxy section */

/* Begin PBXFileReference section */
		013B888548F9604E8D0ADFDD /* Pods_SwiftGraphExample.framework */ = {isa = PBXFileReference; explicitFileType = wrapper.framework; includeInIndex = 0; path = Pods_SwiftGraphExample.framework; sourceTree = BUILT_PRODUCTS_DIR; };
		41CD944E12F613518AC421F4 /* Pods-SwiftGraphTests.release.xcconfig */ = {isa = PBXFileReference; includeInIndex = 1; lastKnownFileType = text.xcconfig; name = "Pods-SwiftGraphTests.release.xcconfig"; path = "Pods/Target Support Files/Pods-SwiftGraphTests/Pods-SwiftGraphTests.release.xcconfig"; sourceTree = "<group>"; };
		55E620021A194C80000A5F7B /* SwiftGraphExample.app */ = {isa = PBXFileReference; explicitFileType = wrapper.application; includeInIndex = 0; path = SwiftGraphExample.app; sourceTree = BUILT_PRODUCTS_DIR; };
		55E620061A194C80000A5F7B /* Info.plist */ = {isa = PBXFileReference; lastKnownFileType = text.plist; name = Info.plist; path = Resources/Info.plist; sourceTree = "<group>"; };
		55E620121A194C80000A5F7B /* SwiftGraphTests.xctest */ = {isa = PBXFileReference; explicitFileType = wrapper.cfbundle; includeInIndex = 0; path = SwiftGraphTests.xctest; sourceTree = BUILT_PRODUCTS_DIR; };
		55E620171A194C80000A5F7B /* Info.plist */ = {isa = PBXFileReference; lastKnownFileType = text.plist.xml; path = Info.plist; sourceTree = "<group>"; };
		55E620181A194C80000A5F7B /* SwiftGraphTests.swift */ = {isa = PBXFileReference; lastKnownFileType = sourcecode.swift; path = SwiftGraphTests.swift; sourceTree = "<group>"; };
		55FEDBC81A1D40BC00F266A0 /* SwiftGraphSearchTests.swift */ = {isa = PBXFileReference; fileEncoding = 4; lastKnownFileType = sourcecode.swift; path = SwiftGraphSearchTests.swift; sourceTree = "<group>"; };
		55FEDBCA1A1D799100F266A0 /* DjikstraGraphTests.swift */ = {isa = PBXFileReference; fileEncoding = 4; lastKnownFileType = sourcecode.swift; path = DjikstraGraphTests.swift; sourceTree = "<group>"; };
		B9F45FD7AB374AD0B9A6E2E5 /* Pods-SwiftGraphExample.debug.xcconfig */ = {isa = PBXFileReference; includeInIndex = 1; lastKnownFileType = text.xcconfig; name = "Pods-SwiftGraphExample.debug.xcconfig"; path = "Pods/Target Support Files/Pods-SwiftGraphExample/Pods-SwiftGraphExample.debug.xcconfig"; sourceTree = "<group>"; };
		C2AB146C5117A31A11C1034E /* Pods-SwiftGraphTests.debug.xcconfig */ = {isa = PBXFileReference; includeInIndex = 1; lastKnownFileType = text.xcconfig; name = "Pods-SwiftGraphTests.debug.xcconfig"; path = "Pods/Target Support Files/Pods-SwiftGraphTests/Pods-SwiftGraphTests.debug.xcconfig"; sourceTree = "<group>"; };
		D4D987231CE19DAE00F9B1CD /* Base */ = {isa = PBXFileReference; lastKnownFileType = file.xib; name = Base; path = Resources/Base.lproj/MainMenu.xib; sourceTree = SOURCE_ROOT; };
		D4D987251CE19E0300F9B1CD /* Images.xcassets */ = {isa = PBXFileReference; lastKnownFileType = folder.assetcatalog; name = Images.xcassets; path = Resources/Images.xcassets; sourceTree = SOURCE_ROOT; };
		D4D987281CE19EF600F9B1CD /* Podfile */ = {isa = PBXFileReference; lastKnownFileType = text; path = Podfile; sourceTree = "<group>"; xcLanguageSpecificationIdentifier = xcode.lang.ruby; };
		D4D987291CE19F0900F9B1CD /* CHANGELOG.md */ = {isa = PBXFileReference; fileEncoding = 4; lastKnownFileType = net.daringfireball.markdown; name = CHANGELOG.md; path = ../CHANGELOG.md; sourceTree = "<group>"; };
		D4D9872A1CE19F0900F9B1CD /* Package.swift */ = {isa = PBXFileReference; fileEncoding = 4; lastKnownFileType = sourcecode.swift; name = Package.swift; path = ../Package.swift; sourceTree = "<group>"; };
		D4D9872B1CE19F0900F9B1CD /* README.md */ = {isa = PBXFileReference; fileEncoding = 4; lastKnownFileType = net.daringfireball.markdown; name = README.md; path = ../README.md; sourceTree = "<group>"; };
		D4D9872C1CE19F0900F9B1CD /* SwiftGraph.podspec */ = {isa = PBXFileReference; fileEncoding = 4; lastKnownFileType = text; name = SwiftGraph.podspec; path = ../SwiftGraph.podspec; sourceTree = "<group>"; };
		D4D987311CE1A23100F9B1CD /* AppDelegate.swift */ = {isa = PBXFileReference; fileEncoding = 4; lastKnownFileType = sourcecode.swift; name = AppDelegate.swift; path = Sources/AppDelegate.swift; sourceTree = SOURCE_ROOT; };
		DBE7A579C5A32B36CC80D4F8 /* Pods-SwiftGraphExample.release.xcconfig */ = {isa = PBXFileReference; includeInIndex = 1; lastKnownFileType = text.xcconfig; name = "Pods-SwiftGraphExample.release.xcconfig"; path = "Pods/Target Support Files/Pods-SwiftGraphExample/Pods-SwiftGraphExample.release.xcconfig"; sourceTree = "<group>"; };
/* End PBXFileReference section */

/* Begin PBXFrameworksBuildPhase section */
		55E61FFF1A194C80000A5F7B /* Frameworks */ = {
			isa = PBXFrameworksBuildPhase;
			buildActionMask = 2147483647;
			files = (
				D45EC1191CE1A55100F079A8 /* Pods_SwiftGraphExample.framework in Frameworks */,
			);
			runOnlyForDeploymentPostprocessing = 0;
		};
		55E6200F1A194C80000A5F7B /* Frameworks */ = {
			isa = PBXFrameworksBuildPhase;
			buildActionMask = 2147483647;
			files = (
			);
			runOnlyForDeploymentPostprocessing = 0;
		};
/* End PBXFrameworksBuildPhase section */

/* Begin PBXGroup section */
		55E61FF91A194C7F000A5F7B = {
			isa = PBXGroup;
			children = (
				D4D987271CE19EE800F9B1CD /* Pod Meta */,
				55E620041A194C80000A5F7B /* Example */,
				55E620151A194C80000A5F7B /* Tests */,
				55E620031A194C80000A5F7B /* Products */,
				74F16C1E16897F0C080BE0C9 /* Pods */,
				E5483ECC56E25D677F53C85C /* Frameworks */,
			);
			sourceTree = "<group>";
		};
		55E620031A194C80000A5F7B /* Products */ = {
			isa = PBXGroup;
			children = (
				55E620021A194C80000A5F7B /* SwiftGraphExample.app */,
				55E620121A194C80000A5F7B /* SwiftGraphTests.xctest */,
			);
			name = Products;
			sourceTree = "<group>";
		};
		55E620041A194C80000A5F7B /* Example */ = {
			isa = PBXGroup;
			children = (
				D4D987221CE19DAE00F9B1CD /* MainMenu.xib */,
				D4D987311CE1A23100F9B1CD /* AppDelegate.swift */,
				D4D987251CE19E0300F9B1CD /* Images.xcassets */,
				55E620051A194C80000A5F7B /* Supporting Files */,
			);
			name = Example;
			path = SwiftGraph;
			sourceTree = "<group>";
		};
		55E620051A194C80000A5F7B /* Supporting Files */ = {
			isa = PBXGroup;
			children = (
				55E620061A194C80000A5F7B /* Info.plist */,
			);
			name = "Supporting Files";
			sourceTree = "<group>";
		};
		55E620151A194C80000A5F7B /* Tests */ = {
			isa = PBXGroup;
			children = (
				55E620181A194C80000A5F7B /* SwiftGraphTests.swift */,
				55FEDBC81A1D40BC00F266A0 /* SwiftGraphSearchTests.swift */,
				55FEDBCA1A1D799100F266A0 /* DjikstraGraphTests.swift */,
				55E620161A194C80000A5F7B /* Supporting Files */,
			);
			name = Tests;
			path = ../Tests;
			sourceTree = "<group>";
		};
		55E620161A194C80000A5F7B /* Supporting Files */ = {
			isa = PBXGroup;
			children = (
				55E620171A194C80000A5F7B /* Info.plist */,
			);
			name = "Supporting Files";
			sourceTree = "<group>";
		};
		74F16C1E16897F0C080BE0C9 /* Pods */ = {
			isa = PBXGroup;
			children = (
				C2AB146C5117A31A11C1034E /* Pods-SwiftGraphTests.debug.xcconfig */,
				41CD944E12F613518AC421F4 /* Pods-SwiftGraphTests.release.xcconfig */,
				B9F45FD7AB374AD0B9A6E2E5 /* Pods-SwiftGraphExample.debug.xcconfig */,
				DBE7A579C5A32B36CC80D4F8 /* Pods-SwiftGraphExample.release.xcconfig */,
			);
			name = Pods;
			sourceTree = "<group>";
		};
		D4D987271CE19EE800F9B1CD /* Pod Meta */ = {
			isa = PBXGroup;
			children = (
				D4D987291CE19F0900F9B1CD /* CHANGELOG.md */,
				D4D9872A1CE19F0900F9B1CD /* Package.swift */,
				D4D9872B1CE19F0900F9B1CD /* README.md */,
				D4D9872C1CE19F0900F9B1CD /* SwiftGraph.podspec */,
				D4D987281CE19EF600F9B1CD /* Podfile */,
			);
			name = "Pod Meta";
			sourceTree = "<group>";
		};
		E5483ECC56E25D677F53C85C /* Frameworks */ = {
			isa = PBXGroup;
			children = (
				013B888548F9604E8D0ADFDD /* Pods_SwiftGraphExample.framework */,
			);
			name = Frameworks;
			sourceTree = "<group>";
		};
/* End PBXGroup section */

/* Begin PBXNativeTarget section */
		55E620011A194C80000A5F7B /* SwiftGraphExample */ = {
			isa = PBXNativeTarget;
			buildConfigurationList = 55E6201C1A194C80000A5F7B /* Build configuration list for PBXNativeTarget "SwiftGraphExample" */;
			buildPhases = (
				313BFBB890F038C4E644669B /* 📦 Check Pods Manifest.lock */,
				55E61FFE1A194C80000A5F7B /* Sources */,
				55E61FFF1A194C80000A5F7B /* Frameworks */,
				55E620001A194C80000A5F7B /* Resources */,
				8BF85617AA8444ED17584B32 /* 📦 Embed Pods Frameworks */,
				5DEAFC07831D2EF0AC76FB64 /* 📦 Copy Pods Resources */,
			);
			buildRules = (
			);
			dependencies = (
			);
			name = SwiftGraphExample;
			productName = SwiftGraph;
			productReference = 55E620021A194C80000A5F7B /* SwiftGraphExample.app */;
			productType = "com.apple.product-type.application";
		};
		55E620111A194C80000A5F7B /* SwiftGraphTests */ = {
			isa = PBXNativeTarget;
			buildConfigurationList = 55E6201F1A194C80000A5F7B /* Build configuration list for PBXNativeTarget "SwiftGraphTests" */;
			buildPhases = (
				F67CE82E8A6964ABF18FF0A4 /* 📦 Check Pods Manifest.lock */,
				55E6200E1A194C80000A5F7B /* Sources */,
				55E6200F1A194C80000A5F7B /* Frameworks */,
				55E620101A194C80000A5F7B /* Resources */,
				C30E54D769429F041A431BE7 /* 📦 Embed Pods Frameworks */,
				0053A479D8DF0552CA848BDB /* 📦 Copy Pods Resources */,
			);
			buildRules = (
			);
			dependencies = (
				55E620141A194C80000A5F7B /* PBXTargetDependency */,
			);
			name = SwiftGraphTests;
			productName = SwiftGraphTests;
			productReference = 55E620121A194C80000A5F7B /* SwiftGraphTests.xctest */;
			productType = "com.apple.product-type.bundle.unit-test";
		};
/* End PBXNativeTarget section */

/* Begin PBXProject section */
		55E61FFA1A194C7F000A5F7B /* Project object */ = {
			isa = PBXProject;
			attributes = {
				LastSwiftMigration = 0710;
				LastSwiftUpdateCheck = 0730;
				LastUpgradeCheck = 0710;
				ORGANIZATIONNAME = "Oak Snow Consulting";
				TargetAttributes = {
					55E620011A194C80000A5F7B = {
						CreatedOnToolsVersion = 6.1;
					};
					55E620111A194C80000A5F7B = {
						CreatedOnToolsVersion = 6.1;
						TestTargetID = 55E620011A194C80000A5F7B;
					};
				};
			};
			buildConfigurationList = 55E61FFD1A194C7F000A5F7B /* Build configuration list for PBXProject "SwiftGraph" */;
			compatibilityVersion = "Xcode 3.2";
			developmentRegion = English;
			hasScannedForEncodings = 0;
			knownRegions = (
				en,
				Base,
			);
			mainGroup = 55E61FF91A194C7F000A5F7B;
			productRefGroup = 55E620031A194C80000A5F7B /* Products */;
			projectDirPath = "";
			projectRoot = "";
			targets = (
				55E620011A194C80000A5F7B /* SwiftGraphExample */,
				55E620111A194C80000A5F7B /* SwiftGraphTests */,
			);
		};
/* End PBXProject section */

/* Begin PBXResourcesBuildPhase section */
		55E620001A194C80000A5F7B /* Resources */ = {
			isa = PBXResourcesBuildPhase;
			buildActionMask = 2147483647;
			files = (
				D4D987241CE19DAE00F9B1CD /* MainMenu.xib in Resources */,
				D4D987261CE19E0300F9B1CD /* Images.xcassets in Resources */,
			);
			runOnlyForDeploymentPostprocessing = 0;
		};
		55E620101A194C80000A5F7B /* Resources */ = {
			isa = PBXResourcesBuildPhase;
			buildActionMask = 2147483647;
			files = (
			);
			runOnlyForDeploymentPostprocessing = 0;
		};
/* End PBXResourcesBuildPhase section */

/* Begin PBXShellScriptBuildPhase section */
		0053A479D8DF0552CA848BDB /* 📦 Copy Pods Resources */ = {
			isa = PBXShellScriptBuildPhase;
			buildActionMask = 2147483647;
			files = (
			);
			inputPaths = (
			);
			name = "📦 Copy Pods Resources";
			outputPaths = (
			);
			runOnlyForDeploymentPostprocessing = 0;
			shellPath = /bin/sh;
			shellScript = "\"${SRCROOT}/Pods/Target Support Files/Pods-SwiftGraphTests/Pods-SwiftGraphTests-resources.sh\"\n";
			showEnvVarsInLog = 0;
		};
		313BFBB890F038C4E644669B /* 📦 Check Pods Manifest.lock */ = {
			isa = PBXShellScriptBuildPhase;
			buildActionMask = 2147483647;
			files = (
			);
			inputPaths = (
			);
			name = "📦 Check Pods Manifest.lock";
			outputPaths = (
			);
			runOnlyForDeploymentPostprocessing = 0;
			shellPath = /bin/sh;
			shellScript = "diff \"${PODS_ROOT}/../Podfile.lock\" \"${PODS_ROOT}/Manifest.lock\" > /dev/null\nif [[ $? != 0 ]] ; then\n    cat << EOM\nerror: The sandbox is not in sync with the Podfile.lock. Run 'pod install' or update your CocoaPods installation.\nEOM\n    exit 1\nfi\n";
			showEnvVarsInLog = 0;
		};
		5DEAFC07831D2EF0AC76FB64 /* 📦 Copy Pods Resources */ = {
			isa = PBXShellScriptBuildPhase;
			buildActionMask = 2147483647;
			files = (
			);
			inputPaths = (
			);
			name = "📦 Copy Pods Resources";
			outputPaths = (
			);
			runOnlyForDeploymentPostprocessing = 0;
			shellPath = /bin/sh;
			shellScript = "\"${SRCROOT}/Pods/Target Support Files/Pods-SwiftGraphExample/Pods-SwiftGraphExample-resources.sh\"\n";
			showEnvVarsInLog = 0;
		};
		8BF85617AA8444ED17584B32 /* 📦 Embed Pods Frameworks */ = {
			isa = PBXShellScriptBuildPhase;
			buildActionMask = 2147483647;
			files = (
			);
			inputPaths = (
			);
			name = "📦 Embed Pods Frameworks";
			outputPaths = (
			);
			runOnlyForDeploymentPostprocessing = 0;
			shellPath = /bin/sh;
			shellScript = "\"${SRCROOT}/Pods/Target Support Files/Pods-SwiftGraphExample/Pods-SwiftGraphExample-frameworks.sh\"\n";
			showEnvVarsInLog = 0;
		};
		C30E54D769429F041A431BE7 /* 📦 Embed Pods Frameworks */ = {
			isa = PBXShellScriptBuildPhase;
			buildActionMask = 2147483647;
			files = (
			);
			inputPaths = (
			);
			name = "📦 Embed Pods Frameworks";
			outputPaths = (
			);
			runOnlyForDeploymentPostprocessing = 0;
			shellPath = /bin/sh;
			shellScript = "\"${SRCROOT}/Pods/Target Support Files/Pods-SwiftGraphTests/Pods-SwiftGraphTests-frameworks.sh\"\n";
			showEnvVarsInLog = 0;
		};
		F67CE82E8A6964ABF18FF0A4 /* 📦 Check Pods Manifest.lock */ = {
			isa = PBXShellScriptBuildPhase;
			buildActionMask = 2147483647;
			files = (
			);
			inputPaths = (
			);
			name = "📦 Check Pods Manifest.lock";
			outputPaths = (
			);
			runOnlyForDeploymentPostprocessing = 0;
			shellPath = /bin/sh;
			shellScript = "diff \"${PODS_ROOT}/../Podfile.lock\" \"${PODS_ROOT}/Manifest.lock\" > /dev/null\nif [[ $? != 0 ]] ; then\n    cat << EOM\nerror: The sandbox is not in sync with the Podfile.lock. Run 'pod install' or update your CocoaPods installation.\nEOM\n    exit 1\nfi\n";
			showEnvVarsInLog = 0;
		};
/* End PBXShellScriptBuildPhase section */

/* Begin PBXSourcesBuildPhase section */
		55E61FFE1A194C80000A5F7B /* Sources */ = {
			isa = PBXSourcesBuildPhase;
			buildActionMask = 2147483647;
			files = (
				D4D987321CE1A23100F9B1CD /* AppDelegate.swift in Sources */,
			);
			runOnlyForDeploymentPostprocessing = 0;
		};
		55E6200E1A194C80000A5F7B /* Sources */ = {
			isa = PBXSourcesBuildPhase;
			buildActionMask = 2147483647;
			files = (
				55FEDBCB1A1D799100F266A0 /* DjikstraGraphTests.swift in Sources */,
				55FEDBC91A1D40BC00F266A0 /* SwiftGraphSearchTests.swift in Sources */,
				55E620191A194C80000A5F7B /* SwiftGraphTests.swift in Sources */,
			);
			runOnlyForDeploymentPostprocessing = 0;
		};
/* End PBXSourcesBuildPhase section */

/* Begin PBXTargetDependency section */
		55E620141A194C80000A5F7B /* PBXTargetDependency */ = {
			isa = PBXTargetDependency;
			target = 55E620011A194C80000A5F7B /* SwiftGraphExample */;
			targetProxy = 55E620131A194C80000A5F7B /* PBXContainerItemProxy */;
		};
/* End PBXTargetDependency section */

/* Begin PBXVariantGroup section */
		D4D987221CE19DAE00F9B1CD /* MainMenu.xib */ = {
			isa = PBXVariantGroup;
			children = (
				D4D987231CE19DAE00F9B1CD /* Base */,
			);
			name = MainMenu.xib;
			sourceTree = "<group>";
		};
/* End PBXVariantGroup section */

/* Begin XCBuildConfiguration section */
		55E6201A1A194C80000A5F7B /* Debug */ = {
			isa = XCBuildConfiguration;
			buildSettings = {
				ALWAYS_SEARCH_USER_PATHS = NO;
				CLANG_CXX_LANGUAGE_STANDARD = "gnu++0x";
				CLANG_CXX_LIBRARY = "libc++";
				CLANG_ENABLE_MODULES = YES;
				CLANG_ENABLE_OBJC_ARC = YES;
				CLANG_WARN_BOOL_CONVERSION = YES;
				CLANG_WARN_CONSTANT_CONVERSION = YES;
				CLANG_WARN_DIRECT_OBJC_ISA_USAGE = YES_ERROR;
				CLANG_WARN_EMPTY_BODY = YES;
				CLANG_WARN_ENUM_CONVERSION = YES;
				CLANG_WARN_INT_CONVERSION = YES;
				CLANG_WARN_OBJC_ROOT_CLASS = YES_ERROR;
				CLANG_WARN_UNREACHABLE_CODE = YES;
				CLANG_WARN__DUPLICATE_METHOD_MATCH = YES;
				CODE_SIGN_IDENTITY = "-";
				COPY_PHASE_STRIP = NO;
				ENABLE_STRICT_OBJC_MSGSEND = YES;
				ENABLE_TESTABILITY = YES;
				GCC_C_LANGUAGE_STANDARD = gnu99;
				GCC_DYNAMIC_NO_PIC = NO;
				GCC_OPTIMIZATION_LEVEL = 0;
				GCC_PREPROCESSOR_DEFINITIONS = (
					"DEBUG=1",
					"$(inherited)",
				);
				GCC_SYMBOLS_PRIVATE_EXTERN = NO;
				GCC_WARN_64_TO_32_BIT_CONVERSION = YES;
				GCC_WARN_ABOUT_RETURN_TYPE = YES_ERROR;
				GCC_WARN_UNDECLARED_SELECTOR = YES;
				GCC_WARN_UNINITIALIZED_AUTOS = YES_AGGRESSIVE;
				GCC_WARN_UNUSED_FUNCTION = YES;
				GCC_WARN_UNUSED_VARIABLE = YES;
				MACOSX_DEPLOYMENT_TARGET = 10.10;
				MTL_ENABLE_DEBUG_INFO = YES;
				ONLY_ACTIVE_ARCH = YES;
				SDKROOT = macosx;
				SWIFT_OPTIMIZATION_LEVEL = "-Onone";
			};
			name = Debug;
		};
		55E6201B1A194C80000A5F7B /* Release */ = {
			isa = XCBuildConfiguration;
			buildSettings = {
				ALWAYS_SEARCH_USER_PATHS = NO;
				CLANG_CXX_LANGUAGE_STANDARD = "gnu++0x";
				CLANG_CXX_LIBRARY = "libc++";
				CLANG_ENABLE_MODULES = YES;
				CLANG_ENABLE_OBJC_ARC = YES;
				CLANG_WARN_BOOL_CONVERSION = YES;
				CLANG_WARN_CONSTANT_CONVERSION = YES;
				CLANG_WARN_DIRECT_OBJC_ISA_USAGE = YES_ERROR;
				CLANG_WARN_EMPTY_BODY = YES;
				CLANG_WARN_ENUM_CONVERSION = YES;
				CLANG_WARN_INT_CONVERSION = YES;
				CLANG_WARN_OBJC_ROOT_CLASS = YES_ERROR;
				CLANG_WARN_UNREACHABLE_CODE = YES;
				CLANG_WARN__DUPLICATE_METHOD_MATCH = YES;
				CODE_SIGN_IDENTITY = "-";
				COPY_PHASE_STRIP = YES;
				DEBUG_INFORMATION_FORMAT = "dwarf-with-dsym";
				ENABLE_NS_ASSERTIONS = NO;
				ENABLE_STRICT_OBJC_MSGSEND = YES;
				GCC_C_LANGUAGE_STANDARD = gnu99;
				GCC_WARN_64_TO_32_BIT_CONVERSION = YES;
				GCC_WARN_ABOUT_RETURN_TYPE = YES_ERROR;
				GCC_WARN_UNDECLARED_SELECTOR = YES;
				GCC_WARN_UNINITIALIZED_AUTOS = YES_AGGRESSIVE;
				GCC_WARN_UNUSED_FUNCTION = YES;
				GCC_WARN_UNUSED_VARIABLE = YES;
				MACOSX_DEPLOYMENT_TARGET = 10.10;
				MTL_ENABLE_DEBUG_INFO = NO;
				SDKROOT = macosx;
			};
			name = Release;
		};
		55E6201D1A194C80000A5F7B /* Debug */ = {
			isa = XCBuildConfiguration;
			baseConfigurationReference = B9F45FD7AB374AD0B9A6E2E5 /* Pods-SwiftGraphExample.debug.xcconfig */;
			buildSettings = {
				ASSETCATALOG_COMPILER_APPICON_NAME = AppIcon;
				CLANG_ENABLE_MODULES = YES;
				COMBINE_HIDPI_IMAGES = YES;
				INFOPLIST_FILE = "$(SRCROOT)/Resources/Info.plist";
				LD_RUNPATH_SEARCH_PATHS = "$(inherited) @executable_path/../Frameworks";
				MACOSX_DEPLOYMENT_TARGET = 10.10;
				PRODUCT_BUNDLE_IDENTIFIER = "com.oaksnow.$(PRODUCT_NAME:rfc1034identifier)";
				PRODUCT_NAME = "$(TARGET_NAME)";
				SWIFT_OPTIMIZATION_LEVEL = "-Onone";
			};
			name = Debug;
		};
		55E6201E1A194C80000A5F7B /* Release */ = {
			isa = XCBuildConfiguration;
			baseConfigurationReference = DBE7A579C5A32B36CC80D4F8 /* Pods-SwiftGraphExample.release.xcconfig */;
			buildSettings = {
				ASSETCATALOG_COMPILER_APPICON_NAME = AppIcon;
				CLANG_ENABLE_MODULES = YES;
				COMBINE_HIDPI_IMAGES = YES;
				INFOPLIST_FILE = "$(SRCROOT)/Resources/Info.plist";
				LD_RUNPATH_SEARCH_PATHS = "$(inherited) @executable_path/../Frameworks";
				MACOSX_DEPLOYMENT_TARGET = 10.10;
				PRODUCT_BUNDLE_IDENTIFIER = "com.oaksnow.$(PRODUCT_NAME:rfc1034identifier)";
				PRODUCT_NAME = "$(TARGET_NAME)";
			};
			name = Release;
		};
		55E620201A194C80000A5F7B /* Debug */ = {
			isa = XCBuildConfiguration;
			baseConfigurationReference = C2AB146C5117A31A11C1034E /* Pods-SwiftGraphTests.debug.xcconfig */;
			buildSettings = {
				BUNDLE_LOADER = "$(TEST_HOST)";
				COMBINE_HIDPI_IMAGES = YES;
				FRAMEWORK_SEARCH_PATHS = (
					"$(DEVELOPER_FRAMEWORKS_DIR)",
					"$(inherited)",
				);
				GCC_PREPROCESSOR_DEFINITIONS = (
					"DEBUG=1",
					"$(inherited)",
				);
				INFOPLIST_FILE = ../Tests/Info.plist;
				LD_RUNPATH_SEARCH_PATHS = "$(inherited) @executable_path/../Frameworks @loader_path/../Frameworks";
				PRODUCT_BUNDLE_IDENTIFIER = "com.oaksnow.$(PRODUCT_NAME:rfc1034identifier)";
				PRODUCT_NAME = "$(TARGET_NAME)";
				TEST_HOST = "$(BUILT_PRODUCTS_DIR)/SwiftGraphExample.app/Contents/MacOS/SwiftGraphExample";
			};
			name = Debug;
		};
		55E620211A194C80000A5F7B /* Release */ = {
			isa = XCBuildConfiguration;
			baseConfigurationReference = 41CD944E12F613518AC421F4 /* Pods-SwiftGraphTests.release.xcconfig */;
			buildSettings = {
				BUNDLE_LOADER = "$(TEST_HOST)";
				COMBINE_HIDPI_IMAGES = YES;
				FRAMEWORK_SEARCH_PATHS = (
					"$(DEVELOPER_FRAMEWORKS_DIR)",
					"$(inherited)",
				);
				INFOPLIST_FILE = ../Tests/Info.plist;
				LD_RUNPATH_SEARCH_PATHS = "$(inherited) @executable_path/../Frameworks @loader_path/../Frameworks";
				PRODUCT_BUNDLE_IDENTIFIER = "com.oaksnow.$(PRODUCT_NAME:rfc1034identifier)";
				PRODUCT_NAME = "$(TARGET_NAME)";
				TEST_HOST = "$(BUILT_PRODUCTS_DIR)/SwiftGraphExample.app/Contents/MacOS/SwiftGraphExample";
			};
			name = Release;
		};
/* End XCBuildConfiguration section */

/* Begin XCConfigurationList section */
		55E61FFD1A194C7F000A5F7B /* Build configuration list for PBXProject "SwiftGraph" */ = {
			isa = XCConfigurationList;
			buildConfigurations = (
				55E6201A1A194C80000A5F7B /* Debug */,
				55E6201B1A194C80000A5F7B /* Release */,
			);
			defaultConfigurationIsVisible = 0;
			defaultConfigurationName = Release;
		};
		55E6201C1A194C80000A5F7B /* Build configuration list for PBXNativeTarget "SwiftGraphExample" */ = {
			isa = XCConfigurationList;
			buildConfigurations = (
				55E6201D1A194C80000A5F7B /* Debug */,
				55E6201E1A194C80000A5F7B /* Release */,
			);
			defaultConfigurationIsVisible = 0;
			defaultConfigurationName = Release;
		};
		55E6201F1A194C80000A5F7B /* Build configuration list for PBXNativeTarget "SwiftGraphTests" */ = {
			isa = XCConfigurationList;
			buildConfigurations = (
				55E620201A194C80000A5F7B /* Debug */,
				55E620211A194C80000A5F7B /* Release */,
			);
			defaultConfigurationIsVisible = 0;
			defaultConfigurationName = Release;
		};
/* End XCConfigurationList section */
	};
	rootObject = 55E61FFA1A194C7F000A5F7B /* Project object */;
}
