// !$*UTF8*$!
{
	archiveVersion = 1;
	classes = {
	};
	objectVersion = 46;
	objects = {

/* Begin PBXBuildFile section */
		343882F925DF04E7007D2401 /* Reversed.swift in Sources */ = {isa = PBXBuildFile; fileRef = 343882F825DF04E7007D2401 /* Reversed.swift */; };
		3438830525DF056C007D2401 /* SwiftGraphReversedTests.swift in Sources */ = {isa = PBXBuildFile; fileRef = 343882FD25DF0528007D2401 /* SwiftGraphReversedTests.swift */; };
		55DCCBF61F8ADA12001913F7 /* Cycle.swift in Sources */ = {isa = PBXBuildFile; fileRef = 55DCCBF51F8ADA12001913F7 /* Cycle.swift */; };
		55DCCBF81F8AE2F1001913F7 /* CycleTests.swift in Sources */ = {isa = PBXBuildFile; fileRef = 55DCCBF71F8AE2F1001913F7 /* CycleTests.swift */; };
		55E620081A194C80000A5F7B /* AppDelegate.swift in Sources */ = {isa = PBXBuildFile; fileRef = 55E620071A194C80000A5F7B /* AppDelegate.swift */; };
		55E6200A1A194C80000A5F7B /* Images.xcassets in Resources */ = {isa = PBXBuildFile; fileRef = 55E620091A194C80000A5F7B /* Images.xcassets */; };
		55E6200D1A194C80000A5F7B /* MainMenu.xib in Resources */ = {isa = PBXBuildFile; fileRef = 55E6200B1A194C80000A5F7B /* MainMenu.xib */; };
		55E784261ED2127D003899D0 /* MST.swift in Sources */ = {isa = PBXBuildFile; fileRef = 55E784251ED2127D003899D0 /* MST.swift */; };
		55E784281ED2971E003899D0 /* MSTTests.swift in Sources */ = {isa = PBXBuildFile; fileRef = 55E784271ED2971E003899D0 /* MSTTests.swift */; };
		55F5EA5B2151E33100DFC301 /* SwiftGraphCodableTests.swift in Sources */ = {isa = PBXBuildFile; fileRef = 55F5EA5A2151E33100DFC301 /* SwiftGraphCodableTests.swift */; };
		7985B9041E5A4FB900C100E7 /* SwiftGraph.framework in Frameworks */ = {isa = PBXBuildFile; fileRef = 7985B8FB1E5A4FB800C100E7 /* SwiftGraph.framework */; };
		7985B90D1E5A4FB900C100E7 /* SwiftGraphFramework.h in Headers */ = {isa = PBXBuildFile; fileRef = 7985B8FD1E5A4FB800C100E7 /* SwiftGraphFramework.h */; settings = {ATTRIBUTES = (Public, ); }; };
		7985B9101E5A4FB900C100E7 /* SwiftGraph.framework in Frameworks */ = {isa = PBXBuildFile; fileRef = 7985B8FB1E5A4FB800C100E7 /* SwiftGraph.framework */; };
		7985B9111E5A4FB900C100E7 /* SwiftGraph.framework in Embed Frameworks */ = {isa = PBXBuildFile; fileRef = 7985B8FB1E5A4FB800C100E7 /* SwiftGraph.framework */; settings = {ATTRIBUTES = (CodeSignOnCopy, RemoveHeadersOnCopy, ); }; };
		7985B91D1E5A4FCB00C100E7 /* DijkstraGraphTests.swift in Sources */ = {isa = PBXBuildFile; fileRef = 7985B9191E5A4FCB00C100E7 /* DijkstraGraphTests.swift */; };
		7985B91E1E5A4FCB00C100E7 /* SwiftGraphSearchTests.swift in Sources */ = {isa = PBXBuildFile; fileRef = 7985B91A1E5A4FCB00C100E7 /* SwiftGraphSearchTests.swift */; };
		7985B91F1E5A4FCB00C100E7 /* SwiftGraphSortTests.swift in Sources */ = {isa = PBXBuildFile; fileRef = 7985B91B1E5A4FCB00C100E7 /* SwiftGraphSortTests.swift */; };
		7985B9201E5A4FCB00C100E7 /* SwiftGraphTests.swift in Sources */ = {isa = PBXBuildFile; fileRef = 7985B91C1E5A4FCB00C100E7 /* SwiftGraphTests.swift */; };
		7985B9211E5A503200C100E7 /* Edge.swift in Sources */ = {isa = PBXBuildFile; fileRef = 5589B4621C0E72CC00D6664E /* Edge.swift */; };
		7985B9221E5A503200C100E7 /* UnweightedEdge.swift in Sources */ = {isa = PBXBuildFile; fileRef = 5589B4651C0E734F00D6664E /* UnweightedEdge.swift */; };
		7985B9231E5A503200C100E7 /* WeightedEdge.swift in Sources */ = {isa = PBXBuildFile; fileRef = 5589B4681C0E74CD00D6664E /* WeightedEdge.swift */; };
		7985B9241E5A503200C100E7 /* Graph.swift in Sources */ = {isa = PBXBuildFile; fileRef = 5589B46B1C0E753E00D6664E /* Graph.swift */; };
		7985B9251E5A503200C100E7 /* UnweightedGraph.swift in Sources */ = {isa = PBXBuildFile; fileRef = 5589B46E1C0E756200D6664E /* UnweightedGraph.swift */; };
		7985B9261E5A503200C100E7 /* WeightedGraph.swift in Sources */ = {isa = PBXBuildFile; fileRef = 5589B4711C0E757100D6664E /* WeightedGraph.swift */; };
		7985B9271E5A503200C100E7 /* SwiftPriorityQueue.swift in Sources */ = {isa = PBXBuildFile; fileRef = 55FB2D651CE25E0800C2B876 /* SwiftPriorityQueue.swift */; };
		7985B9281E5A503200C100E7 /* Search.swift in Sources */ = {isa = PBXBuildFile; fileRef = 5589B4741C0E758500D6664E /* Search.swift */; };
		7985B9291E5A503200C100E7 /* Sort.swift in Sources */ = {isa = PBXBuildFile; fileRef = 553746441DA56CC500C0E0F6 /* Sort.swift */; };
		7985B92A1E5A503200C100E7 /* Stack.swift in Sources */ = {isa = PBXBuildFile; fileRef = 5589B4771C0E759800D6664E /* Stack.swift */; };
		7985B92B1E5A503200C100E7 /* Queue.swift in Sources */ = {isa = PBXBuildFile; fileRef = 5589B47A1C0E75A700D6664E /* Queue.swift */; };
		B5100A4D208B97AA00C7A73A /* UnweightedGraphTests.swift in Sources */ = {isa = PBXBuildFile; fileRef = B5100A4B208B97A800C7A73A /* UnweightedGraphTests.swift */; };
		B518BAB72232E8A40059DCB8 /* WeightedUniqueElementsGraphTests.swift in Sources */ = {isa = PBXBuildFile; fileRef = B518BAB62232E8A40059DCB8 /* WeightedUniqueElementsGraphTests.swift */; };
		B51B460B2083E14200CD0463 /* Union.swift in Sources */ = {isa = PBXBuildFile; fileRef = B51B460A2083E14200CD0463 /* Union.swift */; };
		B523F2EA2094F0E2006587ED /* UniqueElementsGraphHashableInitTests.swift in Sources */ = {isa = PBXBuildFile; fileRef = B523F2E92094F0E2006587ED /* UniqueElementsGraphHashableInitTests.swift */; };
		B52ABD39208955BD00FBF10C /* UnionTests.swift in Sources */ = {isa = PBXBuildFile; fileRef = B52ABD37208955B500FBF10C /* UnionTests.swift */; };
		B54FDA6E21729EFF00057C51 /* Constructors.swift in Sources */ = {isa = PBXBuildFile; fileRef = B54FDA6D21729EFF00057C51 /* Constructors.swift */; };
		B54FDA712172A34D00057C51 /* ConstructorsTests.swift in Sources */ = {isa = PBXBuildFile; fileRef = B54FDA702172A34D00057C51 /* ConstructorsTests.swift */; };
		B5D022B1217357480079F17C /* ConstructorsPerformanceTests.swift in Sources */ = {isa = PBXBuildFile; fileRef = B5D022B0217357480079F17C /* ConstructorsPerformanceTests.swift */; };
		B5D229BC207BF30100151820 /* UniqueElementsGraph.swift in Sources */ = {isa = PBXBuildFile; fileRef = B5D229BB207BF30100151820 /* UniqueElementsGraph.swift */; };
		B5D229BF207BF3A800151820 /* UniqueElementsGraphTests.swift in Sources */ = {isa = PBXBuildFile; fileRef = B5D229BD207BF36900151820 /* UniqueElementsGraphTests.swift */; };
		B5DEA65B223C4BC90005392F /* EdgeListTests.swift in Sources */ = {isa = PBXBuildFile; fileRef = B5DEA65A223C4BC90005392F /* EdgeListTests.swift */; };
		B5EACB1D2172315E00E527BD /* SwiftGraph.framework in Frameworks */ = {isa = PBXBuildFile; fileRef = 7985B8FB1E5A4FB800C100E7 /* SwiftGraph.framework */; };
		B5EACB292172336900E527BD /* SearchPerformanceTests.swift in Sources */ = {isa = PBXBuildFile; fileRef = B5DD6DA42171EEE1007EFF44 /* SearchPerformanceTests.swift */; };
		B5EF143121791009008FCC5C /* UniqueElementsGraphInitTests.swift in Sources */ = {isa = PBXBuildFile; fileRef = B5EF143021791009008FCC5C /* UniqueElementsGraphInitTests.swift */; };
		B5EF143321791348008FCC5C /* UniqueElementsGraphHashableTests.swift in Sources */ = {isa = PBXBuildFile; fileRef = B5EF143221791348008FCC5C /* UniqueElementsGraphHashableTests.swift */; };
		B5F07B6B222EB43000824F08 /* ArraysHaveSameElements.swift in Sources */ = {isa = PBXBuildFile; fileRef = B5F07B6A222EB43000824F08 /* ArraysHaveSameElements.swift */; };
		B5F07B6D222EB4BD00824F08 /* WeightedGraphTests.swift in Sources */ = {isa = PBXBuildFile; fileRef = B5F07B6C222EB4BD00824F08 /* WeightedGraphTests.swift */; };
		B5FE1C212231DA0C008BACAA /* UnionPerformanceTests.swift in Sources */ = {isa = PBXBuildFile; fileRef = B5FE1C202231DA0C008BACAA /* UnionPerformanceTests.swift */; };
/* End PBXBuildFile section */

/* Begin PBXContainerItemProxy section */
		7985B9051E5A4FB900C100E7 /* PBXContainerItemProxy */ = {
			isa = PBXContainerItemProxy;
			containerPortal = 55E61FFA1A194C7F000A5F7B /* Project object */;
			proxyType = 1;
			remoteGlobalIDString = 7985B8FA1E5A4FB800C100E7;
			remoteInfo = SwiftGraphFramework;
		};
		7985B90E1E5A4FB900C100E7 /* PBXContainerItemProxy */ = {
			isa = PBXContainerItemProxy;
			containerPortal = 55E61FFA1A194C7F000A5F7B /* Project object */;
			proxyType = 1;
			remoteGlobalIDString = 7985B8FA1E5A4FB800C100E7;
			remoteInfo = SwiftGraphFramework;
		};
		B5EACB0C2172315E00E527BD /* PBXContainerItemProxy */ = {
			isa = PBXContainerItemProxy;
			containerPortal = 55E61FFA1A194C7F000A5F7B /* Project object */;
			proxyType = 1;
			remoteGlobalIDString = 7985B8FA1E5A4FB800C100E7;
			remoteInfo = SwiftGraphFramework;
		};
/* End PBXContainerItemProxy section */

/* Begin PBXCopyFilesBuildPhase section */
		7985B9171E5A4FB900C100E7 /* Embed Frameworks */ = {
			isa = PBXCopyFilesBuildPhase;
			buildActionMask = 2147483647;
			dstPath = "";
			dstSubfolderSpec = 10;
			files = (
				7985B9111E5A4FB900C100E7 /* SwiftGraph.framework in Embed Frameworks */,
			);
			name = "Embed Frameworks";
			runOnlyForDeploymentPostprocessing = 0;
		};
/* End PBXCopyFilesBuildPhase section */

/* Begin PBXFileReference section */
		343882F825DF04E7007D2401 /* Reversed.swift */ = {isa = PBXFileReference; lastKnownFileType = sourcecode.swift; name = Reversed.swift; path = Sources/SwiftGraph/Reversed.swift; sourceTree = SOURCE_ROOT; };
		343882FD25DF0528007D2401 /* SwiftGraphReversedTests.swift */ = {isa = PBXFileReference; lastKnownFileType = sourcecode.swift; path = SwiftGraphReversedTests.swift; sourceTree = "<group>"; };
		553746441DA56CC500C0E0F6 /* Sort.swift */ = {isa = PBXFileReference; fileEncoding = 4; lastKnownFileType = sourcecode.swift; name = Sort.swift; path = Sources/SwiftGraph/Sort.swift; sourceTree = SOURCE_ROOT; };
		557F55E91F8AB247002AF0BF /* Info.plist */ = {isa = PBXFileReference; lastKnownFileType = text.plist.xml; name = Info.plist; path = ../Info.plist; sourceTree = "<group>"; };
		5589B4621C0E72CC00D6664E /* Edge.swift */ = {isa = PBXFileReference; fileEncoding = 4; lastKnownFileType = sourcecode.swift; name = Edge.swift; path = Sources/SwiftGraph/Edge.swift; sourceTree = SOURCE_ROOT; };
		5589B4651C0E734F00D6664E /* UnweightedEdge.swift */ = {isa = PBXFileReference; fileEncoding = 4; lastKnownFileType = sourcecode.swift; name = UnweightedEdge.swift; path = Sources/SwiftGraph/UnweightedEdge.swift; sourceTree = SOURCE_ROOT; };
		5589B4681C0E74CD00D6664E /* WeightedEdge.swift */ = {isa = PBXFileReference; fileEncoding = 4; lastKnownFileType = sourcecode.swift; name = WeightedEdge.swift; path = Sources/SwiftGraph/WeightedEdge.swift; sourceTree = SOURCE_ROOT; };
		5589B46B1C0E753E00D6664E /* Graph.swift */ = {isa = PBXFileReference; fileEncoding = 4; lastKnownFileType = sourcecode.swift; name = Graph.swift; path = Sources/SwiftGraph/Graph.swift; sourceTree = SOURCE_ROOT; };
		5589B46E1C0E756200D6664E /* UnweightedGraph.swift */ = {isa = PBXFileReference; fileEncoding = 4; lastKnownFileType = sourcecode.swift; name = UnweightedGraph.swift; path = Sources/SwiftGraph/UnweightedGraph.swift; sourceTree = SOURCE_ROOT; };
		5589B4711C0E757100D6664E /* WeightedGraph.swift */ = {isa = PBXFileReference; fileEncoding = 4; lastKnownFileType = sourcecode.swift; name = WeightedGraph.swift; path = Sources/SwiftGraph/WeightedGraph.swift; sourceTree = SOURCE_ROOT; };
		5589B4741C0E758500D6664E /* Search.swift */ = {isa = PBXFileReference; fileEncoding = 4; lastKnownFileType = sourcecode.swift; name = Search.swift; path = Sources/SwiftGraph/Search.swift; sourceTree = SOURCE_ROOT; };
		5589B4771C0E759800D6664E /* Stack.swift */ = {isa = PBXFileReference; fileEncoding = 4; lastKnownFileType = sourcecode.swift; name = Stack.swift; path = Sources/SwiftGraph/Stack.swift; sourceTree = SOURCE_ROOT; };
		5589B47A1C0E75A700D6664E /* Queue.swift */ = {isa = PBXFileReference; fileEncoding = 4; lastKnownFileType = sourcecode.swift; name = Queue.swift; path = Sources/SwiftGraph/Queue.swift; sourceTree = SOURCE_ROOT; };
		55DCCBF51F8ADA12001913F7 /* Cycle.swift */ = {isa = PBXFileReference; lastKnownFileType = sourcecode.swift; name = Cycle.swift; path = Sources/SwiftGraph/Cycle.swift; sourceTree = SOURCE_ROOT; };
		55DCCBF71F8AE2F1001913F7 /* CycleTests.swift */ = {isa = PBXFileReference; lastKnownFileType = sourcecode.swift; path = CycleTests.swift; sourceTree = "<group>"; };
		55E620021A194C80000A5F7B /* SwiftGraphSampleApp.app */ = {isa = PBXFileReference; explicitFileType = wrapper.application; includeInIndex = 0; path = SwiftGraphSampleApp.app; sourceTree = BUILT_PRODUCTS_DIR; };
		55E620061A194C80000A5F7B /* Info.plist */ = {isa = PBXFileReference; lastKnownFileType = text.plist.xml; path = Info.plist; sourceTree = "<group>"; };
		55E620071A194C80000A5F7B /* AppDelegate.swift */ = {isa = PBXFileReference; lastKnownFileType = sourcecode.swift; path = AppDelegate.swift; sourceTree = "<group>"; };
		55E620091A194C80000A5F7B /* Images.xcassets */ = {isa = PBXFileReference; lastKnownFileType = folder.assetcatalog; path = Images.xcassets; sourceTree = "<group>"; };
		55E6200C1A194C80000A5F7B /* Base */ = {isa = PBXFileReference; lastKnownFileType = file.xib; name = Base; path = Base.lproj/MainMenu.xib; sourceTree = "<group>"; };
		55E784251ED2127D003899D0 /* MST.swift */ = {isa = PBXFileReference; fileEncoding = 4; lastKnownFileType = sourcecode.swift; name = MST.swift; path = Sources/SwiftGraph/MST.swift; sourceTree = SOURCE_ROOT; };
		55E784271ED2971E003899D0 /* MSTTests.swift */ = {isa = PBXFileReference; fileEncoding = 4; lastKnownFileType = sourcecode.swift; path = MSTTests.swift; sourceTree = "<group>"; };
		55F5EA5A2151E33100DFC301 /* SwiftGraphCodableTests.swift */ = {isa = PBXFileReference; lastKnownFileType = sourcecode.swift; path = SwiftGraphCodableTests.swift; sourceTree = "<group>"; };
		55FB2D651CE25E0800C2B876 /* SwiftPriorityQueue.swift */ = {isa = PBXFileReference; fileEncoding = 4; lastKnownFileType = sourcecode.swift; name = SwiftPriorityQueue.swift; path = Sources/SwiftGraph/SwiftPriorityQueue.swift; sourceTree = SOURCE_ROOT; };
		7985B8FB1E5A4FB800C100E7 /* SwiftGraph.framework */ = {isa = PBXFileReference; explicitFileType = wrapper.framework; includeInIndex = 0; path = SwiftGraph.framework; sourceTree = BUILT_PRODUCTS_DIR; };
		7985B8FD1E5A4FB800C100E7 /* SwiftGraphFramework.h */ = {isa = PBXFileReference; lastKnownFileType = sourcecode.c.h; path = SwiftGraphFramework.h; sourceTree = "<group>"; };
		7985B8FE1E5A4FB800C100E7 /* Info.plist */ = {isa = PBXFileReference; lastKnownFileType = text.plist.xml; path = Info.plist; sourceTree = "<group>"; };
		7985B9031E5A4FB900C100E7 /* SwiftGraphTests.xctest */ = {isa = PBXFileReference; explicitFileType = wrapper.cfbundle; includeInIndex = 0; path = SwiftGraphTests.xctest; sourceTree = BUILT_PRODUCTS_DIR; };
		7985B9191E5A4FCB00C100E7 /* DijkstraGraphTests.swift */ = {isa = PBXFileReference; fileEncoding = 4; lastKnownFileType = sourcecode.swift; path = DijkstraGraphTests.swift; sourceTree = "<group>"; };
		7985B91A1E5A4FCB00C100E7 /* SwiftGraphSearchTests.swift */ = {isa = PBXFileReference; fileEncoding = 4; lastKnownFileType = sourcecode.swift; path = SwiftGraphSearchTests.swift; sourceTree = "<group>"; };
		7985B91B1E5A4FCB00C100E7 /* SwiftGraphSortTests.swift */ = {isa = PBXFileReference; fileEncoding = 4; lastKnownFileType = sourcecode.swift; path = SwiftGraphSortTests.swift; sourceTree = "<group>"; };
		7985B91C1E5A4FCB00C100E7 /* SwiftGraphTests.swift */ = {isa = PBXFileReference; fileEncoding = 4; lastKnownFileType = sourcecode.swift; path = SwiftGraphTests.swift; sourceTree = "<group>"; };
		B5100A4B208B97A800C7A73A /* UnweightedGraphTests.swift */ = {isa = PBXFileReference; lastKnownFileType = sourcecode.swift; path = UnweightedGraphTests.swift; sourceTree = "<group>"; };
		B518BAB62232E8A40059DCB8 /* WeightedUniqueElementsGraphTests.swift */ = {isa = PBXFileReference; fileEncoding = 4; lastKnownFileType = sourcecode.swift; path = WeightedUniqueElementsGraphTests.swift; sourceTree = "<group>"; };
		B51B460A2083E14200CD0463 /* Union.swift */ = {isa = PBXFileReference; lastKnownFileType = sourcecode.swift; name = Union.swift; path = ../Sources/SwiftGraph/Union.swift; sourceTree = "<group>"; };
		B523F2E92094F0E2006587ED /* UniqueElementsGraphHashableInitTests.swift */ = {isa = PBXFileReference; fileEncoding = 4; lastKnownFileType = sourcecode.swift; path = UniqueElementsGraphHashableInitTests.swift; sourceTree = "<group>"; };
		B52ABD37208955B500FBF10C /* UnionTests.swift */ = {isa = PBXFileReference; fileEncoding = 4; lastKnownFileType = sourcecode.swift; path = UnionTests.swift; sourceTree = "<group>"; };
		B54FDA6D21729EFF00057C51 /* Constructors.swift */ = {isa = PBXFileReference; lastKnownFileType = sourcecode.swift; name = Constructors.swift; path = ../Sources/SwiftGraph/Constructors.swift; sourceTree = "<group>"; };
		B54FDA702172A34D00057C51 /* ConstructorsTests.swift */ = {isa = PBXFileReference; lastKnownFileType = sourcecode.swift; path = ConstructorsTests.swift; sourceTree = "<group>"; };
		B5D022B0217357480079F17C /* ConstructorsPerformanceTests.swift */ = {isa = PBXFileReference; lastKnownFileType = sourcecode.swift; path = ConstructorsPerformanceTests.swift; sourceTree = "<group>"; };
		B5D229BB207BF30100151820 /* UniqueElementsGraph.swift */ = {isa = PBXFileReference; fileEncoding = 4; lastKnownFileType = sourcecode.swift; name = UniqueElementsGraph.swift; path = Sources/SwiftGraph/UniqueElementsGraph.swift; sourceTree = SOURCE_ROOT; };
		B5D229BD207BF36900151820 /* UniqueElementsGraphTests.swift */ = {isa = PBXFileReference; fileEncoding = 4; lastKnownFileType = sourcecode.swift; path = UniqueElementsGraphTests.swift; sourceTree = "<group>"; };
		B5DD6DA42171EEE1007EFF44 /* SearchPerformanceTests.swift */ = {isa = PBXFileReference; lastKnownFileType = sourcecode.swift; path = SearchPerformanceTests.swift; sourceTree = "<group>"; };
		B5DEA65A223C4BC90005392F /* EdgeListTests.swift */ = {isa = PBXFileReference; lastKnownFileType = sourcecode.swift; path = EdgeListTests.swift; sourceTree = "<group>"; };
		B5EACB222172315E00E527BD /* SwiftGraphPerformanceTests.xctest */ = {isa = PBXFileReference; explicitFileType = wrapper.cfbundle; includeInIndex = 0; path = SwiftGraphPerformanceTests.xctest; sourceTree = BUILT_PRODUCTS_DIR; };
		B5EF143021791009008FCC5C /* UniqueElementsGraphInitTests.swift */ = {isa = PBXFileReference; fileEncoding = 4; lastKnownFileType = sourcecode.swift; path = UniqueElementsGraphInitTests.swift; sourceTree = "<group>"; };
		B5EF143221791348008FCC5C /* UniqueElementsGraphHashableTests.swift */ = {isa = PBXFileReference; fileEncoding = 4; lastKnownFileType = sourcecode.swift; path = UniqueElementsGraphHashableTests.swift; sourceTree = "<group>"; };
		B5F07B6A222EB43000824F08 /* ArraysHaveSameElements.swift */ = {isa = PBXFileReference; lastKnownFileType = sourcecode.swift; path = ArraysHaveSameElements.swift; sourceTree = "<group>"; };
		B5F07B6C222EB4BD00824F08 /* WeightedGraphTests.swift */ = {isa = PBXFileReference; lastKnownFileType = sourcecode.swift; path = WeightedGraphTests.swift; sourceTree = "<group>"; };
		B5FE1C202231DA0C008BACAA /* UnionPerformanceTests.swift */ = {isa = PBXFileReference; lastKnownFileType = sourcecode.swift; path = UnionPerformanceTests.swift; sourceTree = "<group>"; };
/* End PBXFileReference section */

/* Begin PBXFrameworksBuildPhase section */
		55E61FFF1A194C80000A5F7B /* Frameworks */ = {
			isa = PBXFrameworksBuildPhase;
			buildActionMask = 2147483647;
			files = (
				7985B9101E5A4FB900C100E7 /* SwiftGraph.framework in Frameworks */,
			);
			runOnlyForDeploymentPostprocessing = 0;
		};
		7985B8F71E5A4FB800C100E7 /* Frameworks */ = {
			isa = PBXFrameworksBuildPhase;
			buildActionMask = 2147483647;
			files = (
			);
			runOnlyForDeploymentPostprocessing = 0;
		};
		7985B9001E5A4FB900C100E7 /* Frameworks */ = {
			isa = PBXFrameworksBuildPhase;
			buildActionMask = 2147483647;
			files = (
				7985B9041E5A4FB900C100E7 /* SwiftGraph.framework in Frameworks */,
			);
			runOnlyForDeploymentPostprocessing = 0;
		};
		B5EACB1C2172315E00E527BD /* Frameworks */ = {
			isa = PBXFrameworksBuildPhase;
			buildActionMask = 2147483647;
			files = (
				B5EACB1D2172315E00E527BD /* SwiftGraph.framework in Frameworks */,
			);
			runOnlyForDeploymentPostprocessing = 0;
		};
/* End PBXFrameworksBuildPhase section */

/* Begin PBXGroup section */
		5589B4811C0E774300D6664E /* Edges */ = {
			isa = PBXGroup;
			children = (
				5589B4621C0E72CC00D6664E /* Edge.swift */,
				5589B4651C0E734F00D6664E /* UnweightedEdge.swift */,
				5589B4681C0E74CD00D6664E /* WeightedEdge.swift */,
			);
			name = Edges;
			path = ../SwiftGraph;
			sourceTree = "<group>";
		};
		5589B4821C0E774F00D6664E /* Graphs */ = {
			isa = PBXGroup;
			children = (
				5589B46B1C0E753E00D6664E /* Graph.swift */,
				5589B46E1C0E756200D6664E /* UnweightedGraph.swift */,
				5589B4711C0E757100D6664E /* WeightedGraph.swift */,
				B5D229BB207BF30100151820 /* UniqueElementsGraph.swift */,
			);
			name = Graphs;
			path = ../SwiftGraph;
			sourceTree = "<group>";
		};
		5589B4831C0E775800D6664E /* Search */ = {
			isa = PBXGroup;
			children = (
				55FB2D651CE25E0800C2B876 /* SwiftPriorityQueue.swift */,
				55E784251ED2127D003899D0 /* MST.swift */,
				55DCCBF51F8ADA12001913F7 /* Cycle.swift */,
				5589B4741C0E758500D6664E /* Search.swift */,
				553746441DA56CC500C0E0F6 /* Sort.swift */,
				5589B4771C0E759800D6664E /* Stack.swift */,
				5589B47A1C0E75A700D6664E /* Queue.swift */,
			);
			name = Search;
			path = ../SwiftGraph;
			sourceTree = "<group>";
		};
		55E61FF91A194C7F000A5F7B = {
			isa = PBXGroup;
			children = (
				7985B8FC1E5A4FB800C100E7 /* SwiftGraph */,
				7985B9091E5A4FB900C100E7 /* SwiftGraphTests */,
				B5EACB09217230ED00E527BD /* SwiftGraphPerformanceTests */,
				55E620041A194C80000A5F7B /* SwiftGraphSampleApp */,
				55E620031A194C80000A5F7B /* Products */,
			);
			sourceTree = "<group>";
		};
		55E620031A194C80000A5F7B /* Products */ = {
			isa = PBXGroup;
			children = (
				55E620021A194C80000A5F7B /* SwiftGraphSampleApp.app */,
				7985B8FB1E5A4FB800C100E7 /* SwiftGraph.framework */,
				7985B9031E5A4FB900C100E7 /* SwiftGraphTests.xctest */,
				B5EACB222172315E00E527BD /* SwiftGraphPerformanceTests.xctest */,
			);
			name = Products;
			sourceTree = "<group>";
		};
		55E620041A194C80000A5F7B /* SwiftGraphSampleApp */ = {
			isa = PBXGroup;
			children = (
				55E620071A194C80000A5F7B /* AppDelegate.swift */,
				55E620091A194C80000A5F7B /* Images.xcassets */,
				55E6200B1A194C80000A5F7B /* MainMenu.xib */,
				55E620051A194C80000A5F7B /* Supporting Files */,
			);
			path = SwiftGraphSampleApp;
			sourceTree = "<group>";
		};
		55E620051A194C80000A5F7B /* Supporting Files */ = {
			isa = PBXGroup;
			children = (
				55E620061A194C80000A5F7B /* Info.plist */,
			);
			name = "Supporting Files";
			sourceTree = "<group>";
		};
		7985B8FC1E5A4FB800C100E7 /* SwiftGraph */ = {
			isa = PBXGroup;
			children = (
				5589B4811C0E774300D6664E /* Edges */,
				5589B4821C0E774F00D6664E /* Graphs */,
				B58B0D732083DEC400A0E1AB /* Operations */,
				5589B4831C0E775800D6664E /* Search */,
				B54FDA6D21729EFF00057C51 /* Constructors.swift */,
				7985B8FD1E5A4FB800C100E7 /* SwiftGraphFramework.h */,
				7985B8FE1E5A4FB800C100E7 /* Info.plist */,
			);
			path = SwiftGraph;
			sourceTree = "<group>";
		};
		7985B9091E5A4FB900C100E7 /* SwiftGraphTests */ = {
			isa = PBXGroup;
			children = (
				B5EF1435217913E0008FCC5C /* Utils */,
				B54FDA6F2172A30600057C51 /* Constructors */,
				B523F2E82094F0A1006587ED /* UniqueElementsGraph */,
				557F55E91F8AB247002AF0BF /* Info.plist */,
				7985B9191E5A4FCB00C100E7 /* DijkstraGraphTests.swift */,
				55DCCBF71F8AE2F1001913F7 /* CycleTests.swift */,
				55E784271ED2971E003899D0 /* MSTTests.swift */,
				7985B91A1E5A4FCB00C100E7 /* SwiftGraphSearchTests.swift */,
				7985B91B1E5A4FCB00C100E7 /* SwiftGraphSortTests.swift */,
				7985B91C1E5A4FCB00C100E7 /* SwiftGraphTests.swift */,
				343882FD25DF0528007D2401 /* SwiftGraphReversedTests.swift */,
				B5100A4B208B97A800C7A73A /* UnweightedGraphTests.swift */,
				B52ABD37208955B500FBF10C /* UnionTests.swift */,
				55F5EA5A2151E33100DFC301 /* SwiftGraphCodableTests.swift */,
				B5F07B6C222EB4BD00824F08 /* WeightedGraphTests.swift */,
				B5DEA65A223C4BC90005392F /* EdgeListTests.swift */,
			);
			name = SwiftGraphTests;
			path = Tests/SwiftGraphTests;
			sourceTree = "<group>";
		};
		B523F2E82094F0A1006587ED /* UniqueElementsGraph */ = {
			isa = PBXGroup;
			children = (
				B5D229BD207BF36900151820 /* UniqueElementsGraphTests.swift */,
				B5EF143221791348008FCC5C /* UniqueElementsGraphHashableTests.swift */,
				B518BAB62232E8A40059DCB8 /* WeightedUniqueElementsGraphTests.swift */,
				B5EF143021791009008FCC5C /* UniqueElementsGraphInitTests.swift */,
				B523F2E92094F0E2006587ED /* UniqueElementsGraphHashableInitTests.swift */,
			);
			path = UniqueElementsGraph;
			sourceTree = "<group>";
		};
		B54FDA6F2172A30600057C51 /* Constructors */ = {
			isa = PBXGroup;
			children = (
				B54FDA702172A34D00057C51 /* ConstructorsTests.swift */,
			);
			path = Constructors;
			sourceTree = "<group>";
		};
		B58B0D732083DEC400A0E1AB /* Operations */ = {
			isa = PBXGroup;
			children = (
				B51B460A2083E14200CD0463 /* Union.swift */,
				343882F825DF04E7007D2401 /* Reversed.swift */,
			);
			name = Operations;
			sourceTree = "<group>";
		};
		B5EACB09217230ED00E527BD /* SwiftGraphPerformanceTests */ = {
			isa = PBXGroup;
			children = (
				B5DD6DA42171EEE1007EFF44 /* SearchPerformanceTests.swift */,
				B5D022B0217357480079F17C /* ConstructorsPerformanceTests.swift */,
				B5FE1C202231DA0C008BACAA /* UnionPerformanceTests.swift */,
			);
			name = SwiftGraphPerformanceTests;
			path = Tests/SwiftGraphPerformanceTests;
			sourceTree = "<group>";
		};
		B5EF1435217913E0008FCC5C /* Utils */ = {
			isa = PBXGroup;
			children = (
				B5F07B6A222EB43000824F08 /* ArraysHaveSameElements.swift */,
			);
			path = Utils;
			sourceTree = "<group>";
		};
/* End PBXGroup section */

/* Begin PBXHeadersBuildPhase section */
		7985B8F81E5A4FB800C100E7 /* Headers */ = {
			isa = PBXHeadersBuildPhase;
			buildActionMask = 2147483647;
			files = (
				7985B90D1E5A4FB900C100E7 /* SwiftGraphFramework.h in Headers */,
			);
			runOnlyForDeploymentPostprocessing = 0;
		};
/* End PBXHeadersBuildPhase section */

/* Begin PBXNativeTarget section */
		55E620011A194C80000A5F7B /* SwiftGraphSampleApp */ = {
			isa = PBXNativeTarget;
			buildConfigurationList = 55E6201C1A194C80000A5F7B /* Build configuration list for PBXNativeTarget "SwiftGraphSampleApp" */;
			buildPhases = (
				55E61FFE1A194C80000A5F7B /* Sources */,
				55E61FFF1A194C80000A5F7B /* Frameworks */,
				55E620001A194C80000A5F7B /* Resources */,
				7985B9171E5A4FB900C100E7 /* Embed Frameworks */,
			);
			buildRules = (
			);
			dependencies = (
				7985B90F1E5A4FB900C100E7 /* PBXTargetDependency */,
			);
			name = SwiftGraphSampleApp;
			productName = SwiftGraph;
			productReference = 55E620021A194C80000A5F7B /* SwiftGraphSampleApp.app */;
			productType = "com.apple.product-type.application";
		};
		7985B8FA1E5A4FB800C100E7 /* SwiftGraph */ = {
			isa = PBXNativeTarget;
			buildConfigurationList = 7985B9161E5A4FB900C100E7 /* Build configuration list for PBXNativeTarget "SwiftGraph" */;
			buildPhases = (
				7985B8F61E5A4FB800C100E7 /* Sources */,
				7985B8F71E5A4FB800C100E7 /* Frameworks */,
				7985B8F81E5A4FB800C100E7 /* Headers */,
				7985B8F91E5A4FB800C100E7 /* Resources */,
			);
			buildRules = (
			);
			dependencies = (
			);
			name = SwiftGraph;
			productName = SwiftGraphFramework;
			productReference = 7985B8FB1E5A4FB800C100E7 /* SwiftGraph.framework */;
			productType = "com.apple.product-type.framework";
		};
		7985B9021E5A4FB900C100E7 /* SwiftGraphTests */ = {
			isa = PBXNativeTarget;
			buildConfigurationList = 7985B9181E5A4FB900C100E7 /* Build configuration list for PBXNativeTarget "SwiftGraphTests" */;
			buildPhases = (
				7985B8FF1E5A4FB900C100E7 /* Sources */,
				7985B9001E5A4FB900C100E7 /* Frameworks */,
				7985B9011E5A4FB900C100E7 /* Resources */,
			);
			buildRules = (
			);
			dependencies = (
				7985B9061E5A4FB900C100E7 /* PBXTargetDependency */,
			);
			name = SwiftGraphTests;
			productName = SwiftGraphFrameworkTests;
			productReference = 7985B9031E5A4FB900C100E7 /* SwiftGraphTests.xctest */;
			productType = "com.apple.product-type.bundle.unit-test";
		};
		B5EACB0A2172315E00E527BD /* SwiftGraphPerformanceTests */ = {
			isa = PBXNativeTarget;
			buildConfigurationList = B5EACB1F2172315E00E527BD /* Build configuration list for PBXNativeTarget "SwiftGraphPerformanceTests" */;
			buildPhases = (
				B5EACB0D2172315E00E527BD /* Sources */,
				B5EACB1C2172315E00E527BD /* Frameworks */,
				B5EACB1E2172315E00E527BD /* Resources */,
			);
			buildRules = (
			);
			dependencies = (
				B5EACB0B2172315E00E527BD /* PBXTargetDependency */,
			);
			name = SwiftGraphPerformanceTests;
			productName = SwiftGraphFrameworkTests;
			productReference = B5EACB222172315E00E527BD /* SwiftGraphPerformanceTests.xctest */;
			productType = "com.apple.product-type.bundle.unit-test";
		};
/* End PBXNativeTarget section */

/* Begin PBXProject section */
		55E61FFA1A194C7F000A5F7B /* Project object */ = {
			isa = PBXProject;
			attributes = {
				LastSwiftMigration = 0710;
				LastSwiftUpdateCheck = 0820;
				LastUpgradeCheck = 1240;
				ORGANIZATIONNAME = "Oak Snow Consulting";
				TargetAttributes = {
					55E620011A194C80000A5F7B = {
						CreatedOnToolsVersion = 6.1;
						LastSwiftMigration = 1000;
					};
					7985B8FA1E5A4FB800C100E7 = {
						CreatedOnToolsVersion = 8.2.1;
						LastSwiftMigration = 1000;
						ProvisioningStyle = Automatic;
					};
					7985B9021E5A4FB900C100E7 = {
						CreatedOnToolsVersion = 8.2.1;
						LastSwiftMigration = 1000;
						ProvisioningStyle = Automatic;
					};
				};
			};
			buildConfigurationList = 55E61FFD1A194C7F000A5F7B /* Build configuration list for PBXProject "SwiftGraph" */;
			compatibilityVersion = "Xcode 3.2";
			developmentRegion = en;
			hasScannedForEncodings = 0;
			knownRegions = (
				en,
				Base,
			);
			mainGroup = 55E61FF91A194C7F000A5F7B;
			productRefGroup = 55E620031A194C80000A5F7B /* Products */;
			projectDirPath = "";
			projectRoot = "";
			targets = (
				7985B8FA1E5A4FB800C100E7 /* SwiftGraph */,
				7985B9021E5A4FB900C100E7 /* SwiftGraphTests */,
				B5EACB0A2172315E00E527BD /* SwiftGraphPerformanceTests */,
				55E620011A194C80000A5F7B /* SwiftGraphSampleApp */,
			);
		};
/* End PBXProject section */

/* Begin PBXResourcesBuildPhase section */
		55E620001A194C80000A5F7B /* Resources */ = {
			isa = PBXResourcesBuildPhase;
			buildActionMask = 2147483647;
			files = (
				55E6200A1A194C80000A5F7B /* Images.xcassets in Resources */,
				55E6200D1A194C80000A5F7B /* MainMenu.xib in Resources */,
			);
			runOnlyForDeploymentPostprocessing = 0;
		};
		7985B8F91E5A4FB800C100E7 /* Resources */ = {
			isa = PBXResourcesBuildPhase;
			buildActionMask = 2147483647;
			files = (
			);
			runOnlyForDeploymentPostprocessing = 0;
		};
		7985B9011E5A4FB900C100E7 /* Resources */ = {
			isa = PBXResourcesBuildPhase;
			buildActionMask = 2147483647;
			files = (
			);
			runOnlyForDeploymentPostprocessing = 0;
		};
		B5EACB1E2172315E00E527BD /* Resources */ = {
			isa = PBXResourcesBuildPhase;
			buildActionMask = 2147483647;
			files = (
			);
			runOnlyForDeploymentPostprocessing = 0;
		};
/* End PBXResourcesBuildPhase section */

/* Begin PBXSourcesBuildPhase section */
		55E61FFE1A194C80000A5F7B /* Sources */ = {
			isa = PBXSourcesBuildPhase;
			buildActionMask = 2147483647;
			files = (
				55E620081A194C80000A5F7B /* AppDelegate.swift in Sources */,
			);
			runOnlyForDeploymentPostprocessing = 0;
		};
		7985B8F61E5A4FB800C100E7 /* Sources */ = {
			isa = PBXSourcesBuildPhase;
			buildActionMask = 2147483647;
			files = (
				B5D229BC207BF30100151820 /* UniqueElementsGraph.swift in Sources */,
				7985B9241E5A503200C100E7 /* Graph.swift in Sources */,
				7985B9251E5A503200C100E7 /* UnweightedGraph.swift in Sources */,
				7985B9291E5A503200C100E7 /* Sort.swift in Sources */,
				B51B460B2083E14200CD0463 /* Union.swift in Sources */,
				7985B92B1E5A503200C100E7 /* Queue.swift in Sources */,
				B54FDA6E21729EFF00057C51 /* Constructors.swift in Sources */,
				55E784261ED2127D003899D0 /* MST.swift in Sources */,
				7985B9231E5A503200C100E7 /* WeightedEdge.swift in Sources */,
				7985B9261E5A503200C100E7 /* WeightedGraph.swift in Sources */,
				7985B9221E5A503200C100E7 /* UnweightedEdge.swift in Sources */,
				7985B92A1E5A503200C100E7 /* Stack.swift in Sources */,
				7985B9281E5A503200C100E7 /* Search.swift in Sources */,
				7985B9211E5A503200C100E7 /* Edge.swift in Sources */,
				7985B9271E5A503200C100E7 /* SwiftPriorityQueue.swift in Sources */,
				55DCCBF61F8ADA12001913F7 /* Cycle.swift in Sources */,
				343882F925DF04E7007D2401 /* Reversed.swift in Sources */,
			);
			runOnlyForDeploymentPostprocessing = 0;
		};
		7985B8FF1E5A4FB900C100E7 /* Sources */ = {
			isa = PBXSourcesBuildPhase;
			buildActionMask = 2147483647;
			files = (
				B5DEA65B223C4BC90005392F /* EdgeListTests.swift in Sources */,
				B5F07B6B222EB43000824F08 /* ArraysHaveSameElements.swift in Sources */,
				7985B9201E5A4FCB00C100E7 /* SwiftGraphTests.swift in Sources */,
				7985B91E1E5A4FCB00C100E7 /* SwiftGraphSearchTests.swift in Sources */,
				55DCCBF81F8AE2F1001913F7 /* CycleTests.swift in Sources */,
				B52ABD39208955BD00FBF10C /* UnionTests.swift in Sources */,
				B518BAB72232E8A40059DCB8 /* WeightedUniqueElementsGraphTests.swift in Sources */,
				55E784281ED2971E003899D0 /* MSTTests.swift in Sources */,
				B5100A4D208B97AA00C7A73A /* UnweightedGraphTests.swift in Sources */,
				B5F07B6D222EB4BD00824F08 /* WeightedGraphTests.swift in Sources */,
				7985B91D1E5A4FCB00C100E7 /* DijkstraGraphTests.swift in Sources */,
				7985B91F1E5A4FCB00C100E7 /* SwiftGraphSortTests.swift in Sources */,
				B5EF143321791348008FCC5C /* UniqueElementsGraphHashableTests.swift in Sources */,
				55F5EA5B2151E33100DFC301 /* SwiftGraphCodableTests.swift in Sources */,
				B523F2EA2094F0E2006587ED /* UniqueElementsGraphHashableInitTests.swift in Sources */,
				3438830525DF056C007D2401 /* SwiftGraphReversedTests.swift in Sources */,
				B5EF143121791009008FCC5C /* UniqueElementsGraphInitTests.swift in Sources */,
				B54FDA712172A34D00057C51 /* ConstructorsTests.swift in Sources */,
				B5D229BF207BF3A800151820 /* UniqueElementsGraphTests.swift in Sources */,
			);
			runOnlyForDeploymentPostprocessing = 0;
		};
		B5EACB0D2172315E00E527BD /* Sources */ = {
			isa = PBXSourcesBuildPhase;
			buildActionMask = 2147483647;
			files = (
				B5EACB292172336900E527BD /* SearchPerformanceTests.swift in Sources */,
				B5FE1C212231DA0C008BACAA /* UnionPerformanceTests.swift in Sources */,
				B5D022B1217357480079F17C /* ConstructorsPerformanceTests.swift in Sources */,
			);
			runOnlyForDeploymentPostprocessing = 0;
		};
/* End PBXSourcesBuildPhase section */

/* Begin PBXTargetDependency section */
		7985B9061E5A4FB900C100E7 /* PBXTargetDependency */ = {
			isa = PBXTargetDependency;
			target = 7985B8FA1E5A4FB800C100E7 /* SwiftGraph */;
			targetProxy = 7985B9051E5A4FB900C100E7 /* PBXContainerItemProxy */;
		};
		7985B90F1E5A4FB900C100E7 /* PBXTargetDependency */ = {
			isa = PBXTargetDependency;
			target = 7985B8FA1E5A4FB800C100E7 /* SwiftGraph */;
			targetProxy = 7985B90E1E5A4FB900C100E7 /* PBXContainerItemProxy */;
		};
		B5EACB0B2172315E00E527BD /* PBXTargetDependency */ = {
			isa = PBXTargetDependency;
			target = 7985B8FA1E5A4FB800C100E7 /* SwiftGraph */;
			targetProxy = B5EACB0C2172315E00E527BD /* PBXContainerItemProxy */;
		};
/* End PBXTargetDependency section */

/* Begin PBXVariantGroup section */
		55E6200B1A194C80000A5F7B /* MainMenu.xib */ = {
			isa = PBXVariantGroup;
			children = (
				55E6200C1A194C80000A5F7B /* Base */,
			);
			name = MainMenu.xib;
			sourceTree = "<group>";
		};
/* End PBXVariantGroup section */

/* Begin XCBuildConfiguration section */
		55E6201A1A194C80000A5F7B /* Debug */ = {
			isa = XCBuildConfiguration;
			buildSettings = {
				ALWAYS_SEARCH_USER_PATHS = NO;
				CLANG_ANALYZER_LOCALIZABILITY_NONLOCALIZED = YES;
				CLANG_CXX_LANGUAGE_STANDARD = "gnu++0x";
				CLANG_CXX_LIBRARY = "libc++";
				CLANG_ENABLE_CODE_COVERAGE = YES;
				CLANG_ENABLE_MODULES = YES;
				CLANG_ENABLE_OBJC_ARC = YES;
				CLANG_WARN_BLOCK_CAPTURE_AUTORELEASING = YES;
				CLANG_WARN_BOOL_CONVERSION = YES;
				CLANG_WARN_COMMA = YES;
				CLANG_WARN_CONSTANT_CONVERSION = YES;
				CLANG_WARN_DEPRECATED_OBJC_IMPLEMENTATIONS = YES;
				CLANG_WARN_DIRECT_OBJC_ISA_USAGE = YES_ERROR;
				CLANG_WARN_EMPTY_BODY = YES;
				CLANG_WARN_ENUM_CONVERSION = YES;
				CLANG_WARN_INFINITE_RECURSION = YES;
				CLANG_WARN_INT_CONVERSION = YES;
				CLANG_WARN_NON_LITERAL_NULL_CONVERSION = YES;
				CLANG_WARN_OBJC_IMPLICIT_RETAIN_SELF = YES;
				CLANG_WARN_OBJC_LITERAL_CONVERSION = YES;
				CLANG_WARN_OBJC_ROOT_CLASS = YES_ERROR;
				CLANG_WARN_QUOTED_INCLUDE_IN_FRAMEWORK_HEADER = YES;
				CLANG_WARN_RANGE_LOOP_ANALYSIS = YES;
				CLANG_WARN_STRICT_PROTOTYPES = YES;
				CLANG_WARN_SUSPICIOUS_MOVE = YES;
				CLANG_WARN_UNREACHABLE_CODE = YES;
				CLANG_WARN__DUPLICATE_METHOD_MATCH = YES;
				COPY_PHASE_STRIP = NO;
				ENABLE_STRICT_OBJC_MSGSEND = YES;
				ENABLE_TESTABILITY = YES;
				GCC_C_LANGUAGE_STANDARD = gnu99;
				GCC_DYNAMIC_NO_PIC = NO;
				GCC_NO_COMMON_BLOCKS = YES;
				GCC_OPTIMIZATION_LEVEL = 0;
				GCC_PREPROCESSOR_DEFINITIONS = (
					"DEBUG=1",
					"$(inherited)",
				);
				GCC_SYMBOLS_PRIVATE_EXTERN = NO;
				GCC_WARN_64_TO_32_BIT_CONVERSION = YES;
				GCC_WARN_ABOUT_RETURN_TYPE = YES_ERROR;
				GCC_WARN_UNDECLARED_SELECTOR = YES;
				GCC_WARN_UNINITIALIZED_AUTOS = YES_AGGRESSIVE;
				GCC_WARN_UNUSED_FUNCTION = YES;
				GCC_WARN_UNUSED_VARIABLE = YES;
				IPHONEOS_DEPLOYMENT_TARGET = 12.0;
				MACOSX_DEPLOYMENT_TARGET = 10.10;
				MTL_ENABLE_DEBUG_INFO = YES;
				ONLY_ACTIVE_ARCH = YES;
				SWIFT_OPTIMIZATION_LEVEL = "-Onone";
				SWIFT_VERSION = 5.0;
				TVOS_DEPLOYMENT_TARGET = 12.0;
				WATCHOS_DEPLOYMENT_TARGET = 2.0;
			};
			name = Debug;
		};
		55E6201B1A194C80000A5F7B /* Release */ = {
			isa = XCBuildConfiguration;
			buildSettings = {
				ALWAYS_SEARCH_USER_PATHS = NO;
				CLANG_ANALYZER_LOCALIZABILITY_NONLOCALIZED = YES;
				CLANG_CXX_LANGUAGE_STANDARD = "gnu++0x";
				CLANG_CXX_LIBRARY = "libc++";
				CLANG_ENABLE_CODE_COVERAGE = YES;
				CLANG_ENABLE_MODULES = YES;
				CLANG_ENABLE_OBJC_ARC = YES;
				CLANG_WARN_BLOCK_CAPTURE_AUTORELEASING = YES;
				CLANG_WARN_BOOL_CONVERSION = YES;
				CLANG_WARN_COMMA = YES;
				CLANG_WARN_CONSTANT_CONVERSION = YES;
				CLANG_WARN_DEPRECATED_OBJC_IMPLEMENTATIONS = YES;
				CLANG_WARN_DIRECT_OBJC_ISA_USAGE = YES_ERROR;
				CLANG_WARN_EMPTY_BODY = YES;
				CLANG_WARN_ENUM_CONVERSION = YES;
				CLANG_WARN_INFINITE_RECURSION = YES;
				CLANG_WARN_INT_CONVERSION = YES;
				CLANG_WARN_NON_LITERAL_NULL_CONVERSION = YES;
				CLANG_WARN_OBJC_IMPLICIT_RETAIN_SELF = YES;
				CLANG_WARN_OBJC_LITERAL_CONVERSION = YES;
				CLANG_WARN_OBJC_ROOT_CLASS = YES_ERROR;
				CLANG_WARN_QUOTED_INCLUDE_IN_FRAMEWORK_HEADER = YES;
				CLANG_WARN_RANGE_LOOP_ANALYSIS = YES;
				CLANG_WARN_STRICT_PROTOTYPES = YES;
				CLANG_WARN_SUSPICIOUS_MOVE = YES;
				CLANG_WARN_UNREACHABLE_CODE = YES;
				CLANG_WARN__DUPLICATE_METHOD_MATCH = YES;
				COPY_PHASE_STRIP = YES;
				DEBUG_INFORMATION_FORMAT = "dwarf-with-dsym";
				ENABLE_NS_ASSERTIONS = NO;
				ENABLE_STRICT_OBJC_MSGSEND = YES;
				GCC_C_LANGUAGE_STANDARD = gnu99;
				GCC_NO_COMMON_BLOCKS = YES;
				GCC_WARN_64_TO_32_BIT_CONVERSION = YES;
				GCC_WARN_ABOUT_RETURN_TYPE = YES_ERROR;
				GCC_WARN_UNDECLARED_SELECTOR = YES;
				GCC_WARN_UNINITIALIZED_AUTOS = YES_AGGRESSIVE;
				GCC_WARN_UNUSED_FUNCTION = YES;
				GCC_WARN_UNUSED_VARIABLE = YES;
				IPHONEOS_DEPLOYMENT_TARGET = 12.0;
				MACOSX_DEPLOYMENT_TARGET = 10.10;
				MTL_ENABLE_DEBUG_INFO = NO;
				SWIFT_VERSION = 5.0;
				TVOS_DEPLOYMENT_TARGET = 12.0;
				WATCHOS_DEPLOYMENT_TARGET = 2.0;
			};
			name = Release;
		};
		55E6201D1A194C80000A5F7B /* Debug */ = {
			isa = XCBuildConfiguration;
			buildSettings = {
				ALWAYS_EMBED_SWIFT_STANDARD_LIBRARIES = YES;
				ASSETCATALOG_COMPILER_APPICON_NAME = AppIcon;
				CODE_SIGN_IDENTITY = "-";
				COMBINE_HIDPI_IMAGES = YES;
				INFOPLIST_FILE = SwiftGraphSampleApp/Info.plist;
				LD_RUNPATH_SEARCH_PATHS = "$(inherited) @executable_path/../Frameworks";
				MACOSX_DEPLOYMENT_TARGET = 10.10;
				PRODUCT_BUNDLE_IDENTIFIER = "com.oaksnow.$(PRODUCT_NAME:rfc1034identifier)";
				PRODUCT_NAME = "$(TARGET_NAME)";
				SDKROOT = macosx;
				SWIFT_VERSION = 5.0;
			};
			name = Debug;
		};
		55E6201E1A194C80000A5F7B /* Release */ = {
			isa = XCBuildConfiguration;
			buildSettings = {
				ALWAYS_EMBED_SWIFT_STANDARD_LIBRARIES = YES;
				ASSETCATALOG_COMPILER_APPICON_NAME = AppIcon;
				CODE_SIGN_IDENTITY = "-";
				COMBINE_HIDPI_IMAGES = YES;
				INFOPLIST_FILE = SwiftGraphSampleApp/Info.plist;
				LD_RUNPATH_SEARCH_PATHS = "$(inherited) @executable_path/../Frameworks";
				MACOSX_DEPLOYMENT_TARGET = 10.10;
				PRODUCT_BUNDLE_IDENTIFIER = "com.oaksnow.$(PRODUCT_NAME:rfc1034identifier)";
				PRODUCT_NAME = "$(TARGET_NAME)";
				SDKROOT = macosx;
				SWIFT_OPTIMIZATION_LEVEL = "-Owholemodule";
				SWIFT_VERSION = 5.0;
			};
			name = Release;
		};
		7985B9121E5A4FB900C100E7 /* Debug */ = {
			isa = XCBuildConfiguration;
			buildSettings = {
				APPLICATION_EXTENSION_API_ONLY = YES;
				CLANG_ANALYZER_NONNULL = YES;
				CLANG_WARN_DOCUMENTATION_COMMENTS = YES;
				COMBINE_HIDPI_IMAGES = YES;
				CURRENT_PROJECT_VERSION = 1;
				DEBUG_INFORMATION_FORMAT = dwarf;
				DEFINES_MODULE = YES;
				DYLIB_COMPATIBILITY_VERSION = 1;
				DYLIB_CURRENT_VERSION = 1;
				DYLIB_INSTALL_NAME_BASE = "@rpath";
				FRAMEWORK_VERSION = A;
				INFOPLIST_FILE = SwiftGraph/Info.plist;
				INSTALL_PATH = "$(LOCAL_LIBRARY_DIR)/Frameworks";
				LD_RUNPATH_SEARCH_PATHS = "$(inherited) @executable_path/Frameworks @loader_path/Frameworks @executable_path/../Frameworks @loader_path/../Frameworks";
				PRODUCT_BUNDLE_IDENTIFIER = com.oaksnow.SwiftGraphFramework;
				PRODUCT_NAME = "$(TARGET_NAME)";
				SKIP_INSTALL = YES;
				SUPPORTED_PLATFORMS = "macosx iphoneos iphonesimulator appletvos appletvsimulator watchos watchsimulator";
				SWIFT_ACTIVE_COMPILATION_CONDITIONS = DEBUG;
				SWIFT_VERSION = 5.0;
				VERSIONING_SYSTEM = "apple-generic";
				VERSION_INFO_PREFIX = "";
			};
			name = Debug;
		};
		7985B9131E5A4FB900C100E7 /* Release */ = {
			isa = XCBuildConfiguration;
			buildSettings = {
				APPLICATION_EXTENSION_API_ONLY = YES;
				CLANG_ANALYZER_NONNULL = YES;
				CLANG_WARN_DOCUMENTATION_COMMENTS = YES;
				COMBINE_HIDPI_IMAGES = YES;
				COPY_PHASE_STRIP = NO;
				CURRENT_PROJECT_VERSION = 1;
				DEFINES_MODULE = YES;
				DYLIB_COMPATIBILITY_VERSION = 1;
				DYLIB_CURRENT_VERSION = 1;
				DYLIB_INSTALL_NAME_BASE = "@rpath";
				FRAMEWORK_VERSION = A;
				INFOPLIST_FILE = SwiftGraph/Info.plist;
				INSTALL_PATH = "$(LOCAL_LIBRARY_DIR)/Frameworks";
				LD_RUNPATH_SEARCH_PATHS = "$(inherited) @executable_path/Frameworks @loader_path/Frameworks @executable_path/../Frameworks @loader_path/../Frameworks";
				PRODUCT_BUNDLE_IDENTIFIER = com.oaksnow.SwiftGraphFramework;
				PRODUCT_NAME = "$(TARGET_NAME)";
				SKIP_INSTALL = YES;
				SUPPORTED_PLATFORMS = "macosx iphoneos iphonesimulator appletvos appletvsimulator watchos watchsimulator";
				SWIFT_OPTIMIZATION_LEVEL = "-Owholemodule";
				SWIFT_VERSION = 5.0;
				VERSIONING_SYSTEM = "apple-generic";
				VERSION_INFO_PREFIX = "";
			};
			name = Release;
		};
		7985B9141E5A4FB900C100E7 /* Debug */ = {
			isa = XCBuildConfiguration;
			buildSettings = {
				ALWAYS_EMBED_SWIFT_STANDARD_LIBRARIES = YES;
				CLANG_ANALYZER_NONNULL = YES;
				CLANG_WARN_DOCUMENTATION_COMMENTS = YES;
				COMBINE_HIDPI_IMAGES = YES;
				DEBUG_INFORMATION_FORMAT = dwarf;
				INFOPLIST_FILE = Tests/Info.plist;
				LD_RUNPATH_SEARCH_PATHS = "$(inherited) @executable_path/Frameworks @loader_path/Frameworks @executable_path/../Frameworks @loader_path/../Frameworks";
				PRODUCT_BUNDLE_IDENTIFIER = com.oaksnow.SwiftGraphFrameworkTests;
				PRODUCT_NAME = "$(TARGET_NAME)";
				SUPPORTED_PLATFORMS = "macosx watchsimulator watchos appletvsimulator appletvos iphonesimulator iphoneos";
				SWIFT_ACTIVE_COMPILATION_CONDITIONS = DEBUG;
				SWIFT_VERSION = 5.0;
			};
			name = Debug;
		};
		7985B9151E5A4FB900C100E7 /* Release */ = {
			isa = XCBuildConfiguration;
			buildSettings = {
				ALWAYS_EMBED_SWIFT_STANDARD_LIBRARIES = YES;
				CLANG_ANALYZER_NONNULL = YES;
				CLANG_WARN_DOCUMENTATION_COMMENTS = YES;
				COMBINE_HIDPI_IMAGES = YES;
				COPY_PHASE_STRIP = NO;
				INFOPLIST_FILE = Tests/Info.plist;
				LD_RUNPATH_SEARCH_PATHS = "$(inherited) @executable_path/Frameworks @loader_path/Frameworks @executable_path/../Frameworks @loader_path/../Frameworks";
				PRODUCT_BUNDLE_IDENTIFIER = com.oaksnow.SwiftGraphFrameworkTests;
				PRODUCT_NAME = "$(TARGET_NAME)";
				SUPPORTED_PLATFORMS = "macosx watchsimulator watchos appletvsimulator appletvos iphonesimulator iphoneos";
				SWIFT_OPTIMIZATION_LEVEL = "-Owholemodule";
				SWIFT_VERSION = 5.0;
			};
			name = Release;
		};
		B5EACB202172315E00E527BD /* Debug */ = {
			isa = XCBuildConfiguration;
			buildSettings = {
				ALWAYS_EMBED_SWIFT_STANDARD_LIBRARIES = YES;
				CLANG_ANALYZER_NONNULL = YES;
				CLANG_WARN_DOCUMENTATION_COMMENTS = YES;
				COMBINE_HIDPI_IMAGES = YES;
				DEBUG_INFORMATION_FORMAT = dwarf;
				INFOPLIST_FILE = Tests/Info.plist;
				LD_RUNPATH_SEARCH_PATHS = "$(inherited) @executable_path/Frameworks @loader_path/Frameworks @executable_path/../Frameworks @loader_path/../Frameworks";
				PRODUCT_BUNDLE_IDENTIFIER = com.oaksnow.SwiftGraphFrameworkTests;
				PRODUCT_NAME = "$(TARGET_NAME)";
				SUPPORTED_PLATFORMS = "macosx watchsimulator watchos appletvsimulator appletvos iphonesimulator iphoneos";
				SWIFT_ACTIVE_COMPILATION_CONDITIONS = DEBUG;
				SWIFT_VERSION = 5.0;
			};
			name = Debug;
		};
		B5EACB212172315E00E527BD /* Release */ = {
			isa = XCBuildConfiguration;
			buildSettings = {
				ALWAYS_EMBED_SWIFT_STANDARD_LIBRARIES = YES;
				CLANG_ANALYZER_NONNULL = YES;
				CLANG_WARN_DOCUMENTATION_COMMENTS = YES;
				COMBINE_HIDPI_IMAGES = YES;
				COPY_PHASE_STRIP = NO;
				INFOPLIST_FILE = Tests/Info.plist;
				LD_RUNPATH_SEARCH_PATHS = "$(inherited) @executable_path/Frameworks @loader_path/Frameworks @executable_path/../Frameworks @loader_path/../Frameworks";
				PRODUCT_BUNDLE_IDENTIFIER = com.oaksnow.SwiftGraphFrameworkTests;
				PRODUCT_NAME = "$(TARGET_NAME)";
				SUPPORTED_PLATFORMS = "macosx watchsimulator watchos appletvsimulator appletvos iphonesimulator iphoneos";
				SWIFT_OPTIMIZATION_LEVEL = "-Owholemodule";
				SWIFT_VERSION = 5.0;
			};
			name = Release;
		};
		B5EACB242172316D00E527BD /* Performance Tests */ = {
			isa = XCBuildConfiguration;
			buildSettings = {
				ALWAYS_SEARCH_USER_PATHS = NO;
				CLANG_ANALYZER_LOCALIZABILITY_NONLOCALIZED = YES;
				CLANG_CXX_LANGUAGE_STANDARD = "gnu++0x";
				CLANG_CXX_LIBRARY = "libc++";
				CLANG_ENABLE_CODE_COVERAGE = YES;
				CLANG_ENABLE_MODULES = YES;
				CLANG_ENABLE_OBJC_ARC = YES;
				CLANG_WARN_BLOCK_CAPTURE_AUTORELEASING = YES;
				CLANG_WARN_BOOL_CONVERSION = YES;
				CLANG_WARN_COMMA = YES;
				CLANG_WARN_CONSTANT_CONVERSION = YES;
				CLANG_WARN_DEPRECATED_OBJC_IMPLEMENTATIONS = YES;
				CLANG_WARN_DIRECT_OBJC_ISA_USAGE = YES_ERROR;
				CLANG_WARN_EMPTY_BODY = YES;
				CLANG_WARN_ENUM_CONVERSION = YES;
				CLANG_WARN_INFINITE_RECURSION = YES;
				CLANG_WARN_INT_CONVERSION = YES;
				CLANG_WARN_NON_LITERAL_NULL_CONVERSION = YES;
				CLANG_WARN_OBJC_IMPLICIT_RETAIN_SELF = YES;
				CLANG_WARN_OBJC_LITERAL_CONVERSION = YES;
				CLANG_WARN_OBJC_ROOT_CLASS = YES_ERROR;
				CLANG_WARN_QUOTED_INCLUDE_IN_FRAMEWORK_HEADER = YES;
				CLANG_WARN_RANGE_LOOP_ANALYSIS = YES;
				CLANG_WARN_STRICT_PROTOTYPES = YES;
				CLANG_WARN_SUSPICIOUS_MOVE = YES;
				CLANG_WARN_UNREACHABLE_CODE = YES;
				CLANG_WARN__DUPLICATE_METHOD_MATCH = YES;
				COPY_PHASE_STRIP = NO;
				ENABLE_NS_ASSERTIONS = NO;
				ENABLE_STRICT_OBJC_MSGSEND = YES;
				ENABLE_TESTABILITY = YES;
				GCC_C_LANGUAGE_STANDARD = gnu99;
				GCC_DYNAMIC_NO_PIC = NO;
				GCC_NO_COMMON_BLOCKS = YES;
				GCC_OPTIMIZATION_LEVEL = s;
				GCC_PREPROCESSOR_DEFINITIONS = "$(inherited)";
				GCC_SYMBOLS_PRIVATE_EXTERN = NO;
				GCC_WARN_64_TO_32_BIT_CONVERSION = YES;
				GCC_WARN_ABOUT_RETURN_TYPE = YES_ERROR;
				GCC_WARN_UNDECLARED_SELECTOR = YES;
				GCC_WARN_UNINITIALIZED_AUTOS = YES_AGGRESSIVE;
				GCC_WARN_UNUSED_FUNCTION = YES;
				GCC_WARN_UNUSED_VARIABLE = YES;
				IPHONEOS_DEPLOYMENT_TARGET = 12.0;
				MACOSX_DEPLOYMENT_TARGET = 10.10;
				MTL_ENABLE_DEBUG_INFO = NO;
				ONLY_ACTIVE_ARCH = YES;
				SWIFT_OPTIMIZATION_LEVEL = "-O";
				SWIFT_VERSION = 5.0;
				TVOS_DEPLOYMENT_TARGET = 12.0;
				WATCHOS_DEPLOYMENT_TARGET = 2.0;
			};
			name = "Performance Tests";
		};
		B5EACB252172316D00E527BD /* Performance Tests */ = {
			isa = XCBuildConfiguration;
			buildSettings = {
				APPLICATION_EXTENSION_API_ONLY = YES;
				CLANG_ANALYZER_NONNULL = YES;
				CLANG_WARN_DOCUMENTATION_COMMENTS = YES;
				COMBINE_HIDPI_IMAGES = YES;
				CURRENT_PROJECT_VERSION = 1;
				DEBUG_INFORMATION_FORMAT = dwarf;
				DEFINES_MODULE = YES;
				DYLIB_COMPATIBILITY_VERSION = 1;
				DYLIB_CURRENT_VERSION = 1;
				DYLIB_INSTALL_NAME_BASE = "@rpath";
				FRAMEWORK_VERSION = A;
				INFOPLIST_FILE = SwiftGraph/Info.plist;
				INSTALL_PATH = "$(LOCAL_LIBRARY_DIR)/Frameworks";
				LD_RUNPATH_SEARCH_PATHS = "$(inherited) @executable_path/Frameworks @loader_path/Frameworks @executable_path/../Frameworks @loader_path/../Frameworks";
				PRODUCT_BUNDLE_IDENTIFIER = com.oaksnow.SwiftGraphFramework;
				PRODUCT_NAME = "$(TARGET_NAME)";
				SKIP_INSTALL = YES;
				SUPPORTED_PLATFORMS = "macosx iphoneos iphonesimulator appletvos appletvsimulator watchos watchsimulator";
				SWIFT_ACTIVE_COMPILATION_CONDITIONS = DEBUG;
				SWIFT_COMPILATION_MODE = wholemodule;
				SWIFT_VERSION = 5.0;
				VERSIONING_SYSTEM = "apple-generic";
				VERSION_INFO_PREFIX = "";
			};
			name = "Performance Tests";
		};
		B5EACB262172316D00E527BD /* Performance Tests */ = {
			isa = XCBuildConfiguration;
			buildSettings = {
				ALWAYS_EMBED_SWIFT_STANDARD_LIBRARIES = YES;
				CLANG_ANALYZER_NONNULL = YES;
				CLANG_WARN_DOCUMENTATION_COMMENTS = YES;
				COMBINE_HIDPI_IMAGES = YES;
				DEBUG_INFORMATION_FORMAT = dwarf;
				INFOPLIST_FILE = Tests/Info.plist;
				LD_RUNPATH_SEARCH_PATHS = "$(inherited) @executable_path/Frameworks @loader_path/Frameworks @executable_path/../Frameworks @loader_path/../Frameworks";
				PRODUCT_BUNDLE_IDENTIFIER = com.oaksnow.SwiftGraphFrameworkTests;
				PRODUCT_NAME = "$(TARGET_NAME)";
				SUPPORTED_PLATFORMS = "macosx watchsimulator watchos appletvsimulator appletvos iphonesimulator iphoneos";
				SWIFT_ACTIVE_COMPILATION_CONDITIONS = DEBUG;
				SWIFT_VERSION = 5.0;
			};
			name = "Performance Tests";
		};
		B5EACB272172316D00E527BD /* Performance Tests */ = {
			isa = XCBuildConfiguration;
			buildSettings = {
				ALWAYS_EMBED_SWIFT_STANDARD_LIBRARIES = YES;
				ASSETCATALOG_COMPILER_APPICON_NAME = AppIcon;
				CODE_SIGN_IDENTITY = "-";
				COMBINE_HIDPI_IMAGES = YES;
				INFOPLIST_FILE = SwiftGraphSampleApp/Info.plist;
				LD_RUNPATH_SEARCH_PATHS = "$(inherited) @executable_path/../Frameworks";
				MACOSX_DEPLOYMENT_TARGET = 10.10;
				PRODUCT_BUNDLE_IDENTIFIER = "com.oaksnow.$(PRODUCT_NAME:rfc1034identifier)";
				PRODUCT_NAME = "$(TARGET_NAME)";
				SDKROOT = macosx;
				SWIFT_VERSION = 5.0;
			};
			name = "Performance Tests";
		};
		B5EACB282172316D00E527BD /* Performance Tests */ = {
			isa = XCBuildConfiguration;
			buildSettings = {
				ALWAYS_EMBED_SWIFT_STANDARD_LIBRARIES = YES;
				CLANG_ANALYZER_NONNULL = YES;
				CLANG_WARN_DOCUMENTATION_COMMENTS = YES;
				COMBINE_HIDPI_IMAGES = YES;
				DEBUG_INFORMATION_FORMAT = dwarf;
				INFOPLIST_FILE = Tests/Info.plist;
				LD_RUNPATH_SEARCH_PATHS = "$(inherited) @executable_path/Frameworks @loader_path/Frameworks @executable_path/../Frameworks @loader_path/../Frameworks";
				PRODUCT_BUNDLE_IDENTIFIER = com.oaksnow.SwiftGraphFrameworkTests;
				PRODUCT_NAME = "$(TARGET_NAME)";
				SUPPORTED_PLATFORMS = "macosx watchsimulator watchos appletvsimulator appletvos iphonesimulator iphoneos";
				SWIFT_ACTIVE_COMPILATION_CONDITIONS = DEBUG;
				SWIFT_VERSION = 5.0;
			};
			name = "Performance Tests";
		};
/* End XCBuildConfiguration section */

/* Begin XCConfigurationList section */
		55E61FFD1A194C7F000A5F7B /* Build configuration list for PBXProject "SwiftGraph" */ = {
			isa = XCConfigurationList;
			buildConfigurations = (
				55E6201A1A194C80000A5F7B /* Debug */,
				B5EACB242172316D00E527BD /* Performance Tests */,
				55E6201B1A194C80000A5F7B /* Release */,
			);
			defaultConfigurationIsVisible = 0;
			defaultConfigurationName = Release;
		};
		55E6201C1A194C80000A5F7B /* Build configuration list for PBXNativeTarget "SwiftGraphSampleApp" */ = {
			isa = XCConfigurationList;
			buildConfigurations = (
				55E6201D1A194C80000A5F7B /* Debug */,
				B5EACB272172316D00E527BD /* Performance Tests */,
				55E6201E1A194C80000A5F7B /* Release */,
			);
			defaultConfigurationIsVisible = 0;
			defaultConfigurationName = Release;
		};
		7985B9161E5A4FB900C100E7 /* Build configuration list for PBXNativeTarget "SwiftGraph" */ = {
			isa = XCConfigurationList;
			buildConfigurations = (
				7985B9121E5A4FB900C100E7 /* Debug */,
				B5EACB252172316D00E527BD /* Performance Tests */,
				7985B9131E5A4FB900C100E7 /* Release */,
			);
			defaultConfigurationIsVisible = 0;
			defaultConfigurationName = Release;
		};
		7985B9181E5A4FB900C100E7 /* Build configuration list for PBXNativeTarget "SwiftGraphTests" */ = {
			isa = XCConfigurationList;
			buildConfigurations = (
				7985B9141E5A4FB900C100E7 /* Debug */,
				B5EACB262172316D00E527BD /* Performance Tests */,
				7985B9151E5A4FB900C100E7 /* Release */,
			);
			defaultConfigurationIsVisible = 0;
			defaultConfigurationName = Release;
		};
		B5EACB1F2172315E00E527BD /* Build configuration list for PBXNativeTarget "SwiftGraphPerformanceTests" */ = {
			isa = XCConfigurationList;
			buildConfigurations = (
				B5EACB202172315E00E527BD /* Debug */,
				B5EACB282172316D00E527BD /* Performance Tests */,
				B5EACB212172315E00E527BD /* Release */,
			);
			defaultConfigurationIsVisible = 0;
			defaultConfigurationName = Release;
		};
/* End XCConfigurationList section */
	};
	rootObject = 55E61FFA1A194C7F000A5F7B /* Project object */;
}
